// !$*UTF8*$!
{
	archiveVersion = 1;
	classes = {
	};
	objectVersion = 46;
	objects = {

/* Begin PBXBuildFile section */
		00C302E51ABCBA2D00DB3ED1 /* libRCTActionSheet.a in Frameworks */ = {isa = PBXBuildFile; fileRef = 00C302AC1ABCB8CE00DB3ED1 /* libRCTActionSheet.a */; };
		00C302E71ABCBA2D00DB3ED1 /* libRCTGeolocation.a in Frameworks */ = {isa = PBXBuildFile; fileRef = 00C302BA1ABCB90400DB3ED1 /* libRCTGeolocation.a */; };
		00C302E81ABCBA2D00DB3ED1 /* libRCTImage.a in Frameworks */ = {isa = PBXBuildFile; fileRef = 00C302C01ABCB91800DB3ED1 /* libRCTImage.a */; };
		00C302E91ABCBA2D00DB3ED1 /* libRCTNetwork.a in Frameworks */ = {isa = PBXBuildFile; fileRef = 00C302DC1ABCB9D200DB3ED1 /* libRCTNetwork.a */; };
		00C302EA1ABCBA2D00DB3ED1 /* libRCTVibration.a in Frameworks */ = {isa = PBXBuildFile; fileRef = 00C302E41ABCB9EE00DB3ED1 /* libRCTVibration.a */; };
		0C6E2DE448364EA896869ADF /* libc++.tbd in Frameworks */ = {isa = PBXBuildFile; fileRef = B37C79D9BD0742CE936B6982 /* libc++.tbd */; };
		133E29F31AD74F7200F7D852 /* libRCTLinking.a in Frameworks */ = {isa = PBXBuildFile; fileRef = 78C398B91ACF4ADC00677621 /* libRCTLinking.a */; };
		139105C61AF99C1200B5F7CC /* libRCTSettings.a in Frameworks */ = {isa = PBXBuildFile; fileRef = 139105C11AF99BAD00B5F7CC /* libRCTSettings.a */; };
		139FDEF61B0652A700C62182 /* libRCTWebSocket.a in Frameworks */ = {isa = PBXBuildFile; fileRef = 139FDEF41B06529B00C62182 /* libRCTWebSocket.a */; };
		13B07FBC1A68108700A75B9A /* AppDelegate.m in Sources */ = {isa = PBXBuildFile; fileRef = 13B07FB01A68108700A75B9A /* AppDelegate.m */; };
		13B07FBF1A68108700A75B9A /* Images.xcassets in Resources */ = {isa = PBXBuildFile; fileRef = 13B07FB51A68108700A75B9A /* Images.xcassets */; };
		13B07FC11A68108700A75B9A /* main.m in Sources */ = {isa = PBXBuildFile; fileRef = 13B07FB71A68108700A75B9A /* main.m */; };
		146834051AC3E58100842450 /* libReact.a in Frameworks */ = {isa = PBXBuildFile; fileRef = 146834041AC3E56700842450 /* libReact.a */; };
		24A2AEF2383D44B586D31C01 /* libz.tbd in Frameworks */ = {isa = PBXBuildFile; fileRef = 06BB44DD4855498082A744AD /* libz.tbd */; };
		2C800DF680F8451599E80AF1 /* libSafariViewManager.a in Frameworks */ = {isa = PBXBuildFile; fileRef = 1D3BB00B9ABF44EA9BD71318 /* libSafariViewManager.a */; };
		50046CB6BDA69B9232CF66D9 /* libPods-RocketChatRN.a in Frameworks */ = {isa = PBXBuildFile; fileRef = C235DC7B31A4D1578EDEF219 /* libPods-RocketChatRN.a */; };
		5E9157361DD0AC6A00FF2AA8 /* libRCTAnimation.a in Frameworks */ = {isa = PBXBuildFile; fileRef = 5E9157331DD0AC6500FF2AA8 /* libRCTAnimation.a */; };
		74815BBCB91147C08C8F7B3D /* libRNAudio.a in Frameworks */ = {isa = PBXBuildFile; fileRef = 1142E3442BA94B19BCF52814 /* libRNAudio.a */; };
		77C35F50C01C43668188886C /* libRNVectorIcons.a in Frameworks */ = {isa = PBXBuildFile; fileRef = 5A0EEFAF8AB14F5B9E796CDD /* libRNVectorIcons.a */; };
		7A2D202320726F1400D0AA04 /* libSMXCrashlytics.a in Frameworks */ = {isa = PBXBuildFile; fileRef = 7A2D201F20726EF600D0AA04 /* libSMXCrashlytics.a */; };
		7A309C9C20724870000C6B13 /* Fabric.sh in Resources */ = {isa = PBXBuildFile; fileRef = 7A309C9B20724870000C6B13 /* Fabric.sh */; };
		7A32C246206D791D001C80E9 /* Fabric.framework in Frameworks */ = {isa = PBXBuildFile; fileRef = 7A32C20F206D791D001C80E9 /* Fabric.framework */; };
		7A32C247206D791D001C80E9 /* Crashlytics.framework in Frameworks */ = {isa = PBXBuildFile; fileRef = 7A32C245206D791D001C80E9 /* Crashlytics.framework */; };
		7A430E4F20238C46008F55BC /* libRCTCustomInputController.a in Frameworks */ = {isa = PBXBuildFile; fileRef = 7A430E1E20238C02008F55BC /* libRCTCustomInputController.a */; };
		7A55F1C52236D541005109A0 /* custom.ttf in Resources */ = {isa = PBXBuildFile; fileRef = 7A55F1C42236D541005109A0 /* custom.ttf */; };
		7A8DEB5A20ED0BEC00C5DCE4 /* libRNNotifications.a in Frameworks */ = {isa = PBXBuildFile; fileRef = 7A8DEB5220ED0BDE00C5DCE4 /* libRNNotifications.a */; };
		7ACD4897222860DE00442C55 /* JavaScriptCore.framework in Frameworks */ = {isa = PBXBuildFile; fileRef = 7ACD4853222860DE00442C55 /* JavaScriptCore.framework */; };
		832341BD1AAA6AB300B99B32 /* libRCTText.a in Frameworks */ = {isa = PBXBuildFile; fileRef = 832341B51AAA6A8300B99B32 /* libRCTText.a */; };
		8ECBD927DDAC4987B98E102E /* libRCTVideo.a in Frameworks */ = {isa = PBXBuildFile; fileRef = 20CE3E407E0D4D9E8C9885F2 /* libRCTVideo.a */; };
		95E57ADEB9A0487791D2C50E /* libRNGestureHandler.a in Frameworks */ = {isa = PBXBuildFile; fileRef = 58E5009FCA8D40E59303C3DD /* libRNGestureHandler.a */; };
		B88F586F1FBF57F600B352B8 /* libRCTPushNotification.a in Frameworks */ = {isa = PBXBuildFile; fileRef = B88F58461FBF55E200B352B8 /* libRCTPushNotification.a */; };
		B8971BB2202A093B0000D245 /* libKeyboardTrackingView.a in Frameworks */ = {isa = PBXBuildFile; fileRef = B8971BB1202A091D0000D245 /* libKeyboardTrackingView.a */; };
		BAB7DC22804246F3923A1833 /* libFastImage.a in Frameworks */ = {isa = PBXBuildFile; fileRef = FD2E2837F110483CA29EE0D4 /* libFastImage.a */; };
		BED2B77AA660460E8BC9F8E0 /* libRNFetchBlob.a in Frameworks */ = {isa = PBXBuildFile; fileRef = 6533FB90166345D29F1B91C0 /* libRNFetchBlob.a */; };
		EF736EF520A64AE8820E684A /* libRealmReact.a in Frameworks */ = {isa = PBXBuildFile; fileRef = DF26CC845883492D8AC8869B /* libRealmReact.a */; };
		F5BF54DC78E1411B8343933B /* libRNI18n.a in Frameworks */ = {isa = PBXBuildFile; fileRef = 921481B47B50490CA761932E /* libRNI18n.a */; };
/* End PBXBuildFile section */

/* Begin PBXContainerItemProxy section */
		00C302AB1ABCB8CE00DB3ED1 /* PBXContainerItemProxy */ = {
			isa = PBXContainerItemProxy;
			containerPortal = 00C302A71ABCB8CE00DB3ED1 /* RCTActionSheet.xcodeproj */;
			proxyType = 2;
			remoteGlobalIDString = 134814201AA4EA6300B7C361;
			remoteInfo = RCTActionSheet;
		};
		00C302B91ABCB90400DB3ED1 /* PBXContainerItemProxy */ = {
			isa = PBXContainerItemProxy;
			containerPortal = 00C302B51ABCB90400DB3ED1 /* RCTGeolocation.xcodeproj */;
			proxyType = 2;
			remoteGlobalIDString = 134814201AA4EA6300B7C361;
			remoteInfo = RCTGeolocation;
		};
		00C302BF1ABCB91800DB3ED1 /* PBXContainerItemProxy */ = {
			isa = PBXContainerItemProxy;
			containerPortal = 00C302BB1ABCB91800DB3ED1 /* RCTImage.xcodeproj */;
			proxyType = 2;
			remoteGlobalIDString = 58B5115D1A9E6B3D00147676;
			remoteInfo = RCTImage;
		};
		00C302DB1ABCB9D200DB3ED1 /* PBXContainerItemProxy */ = {
			isa = PBXContainerItemProxy;
			containerPortal = 00C302D31ABCB9D200DB3ED1 /* RCTNetwork.xcodeproj */;
			proxyType = 2;
			remoteGlobalIDString = 58B511DB1A9E6C8500147676;
			remoteInfo = RCTNetwork;
		};
		00C302E31ABCB9EE00DB3ED1 /* PBXContainerItemProxy */ = {
			isa = PBXContainerItemProxy;
			containerPortal = 00C302DF1ABCB9EE00DB3ED1 /* RCTVibration.xcodeproj */;
			proxyType = 2;
			remoteGlobalIDString = 832C81801AAF6DEF007FA2F7;
			remoteInfo = RCTVibration;
		};
		139105C01AF99BAD00B5F7CC /* PBXContainerItemProxy */ = {
			isa = PBXContainerItemProxy;
			containerPortal = 139105B61AF99BAD00B5F7CC /* RCTSettings.xcodeproj */;
			proxyType = 2;
			remoteGlobalIDString = 134814201AA4EA6300B7C361;
			remoteInfo = RCTSettings;
		};
		139FDEF31B06529B00C62182 /* PBXContainerItemProxy */ = {
			isa = PBXContainerItemProxy;
			containerPortal = 139FDEE61B06529A00C62182 /* RCTWebSocket.xcodeproj */;
			proxyType = 2;
			remoteGlobalIDString = 3C86DF461ADF2C930047B81A;
			remoteInfo = RCTWebSocket;
		};
		146834031AC3E56700842450 /* PBXContainerItemProxy */ = {
			isa = PBXContainerItemProxy;
			containerPortal = 146833FF1AC3E56700842450 /* React.xcodeproj */;
			proxyType = 2;
			remoteGlobalIDString = 83CBBA2E1A601D0E00E9B192;
			remoteInfo = React;
		};
		3DAD3E831DF850E9000B6D8A /* PBXContainerItemProxy */ = {
			isa = PBXContainerItemProxy;
			containerPortal = 00C302BB1ABCB91800DB3ED1 /* RCTImage.xcodeproj */;
			proxyType = 2;
			remoteGlobalIDString = 2D2A283A1D9B042B00D4039D;
			remoteInfo = "RCTImage-tvOS";
		};
		3DAD3E871DF850E9000B6D8A /* PBXContainerItemProxy */ = {
			isa = PBXContainerItemProxy;
			containerPortal = 78C398B01ACF4ADC00677621 /* RCTLinking.xcodeproj */;
			proxyType = 2;
			remoteGlobalIDString = 2D2A28471D9B043800D4039D;
			remoteInfo = "RCTLinking-tvOS";
		};
		3DAD3E8B1DF850E9000B6D8A /* PBXContainerItemProxy */ = {
			isa = PBXContainerItemProxy;
			containerPortal = 00C302D31ABCB9D200DB3ED1 /* RCTNetwork.xcodeproj */;
			proxyType = 2;
			remoteGlobalIDString = 2D2A28541D9B044C00D4039D;
			remoteInfo = "RCTNetwork-tvOS";
		};
		3DAD3E8F1DF850E9000B6D8A /* PBXContainerItemProxy */ = {
			isa = PBXContainerItemProxy;
			containerPortal = 139105B61AF99BAD00B5F7CC /* RCTSettings.xcodeproj */;
			proxyType = 2;
			remoteGlobalIDString = 2D2A28611D9B046600D4039D;
			remoteInfo = "RCTSettings-tvOS";
		};
		3DAD3E931DF850E9000B6D8A /* PBXContainerItemProxy */ = {
			isa = PBXContainerItemProxy;
			containerPortal = 832341B01AAA6A8300B99B32 /* RCTText.xcodeproj */;
			proxyType = 2;
			remoteGlobalIDString = 2D2A287B1D9B048500D4039D;
			remoteInfo = "RCTText-tvOS";
		};
		3DAD3E981DF850E9000B6D8A /* PBXContainerItemProxy */ = {
			isa = PBXContainerItemProxy;
			containerPortal = 139FDEE61B06529A00C62182 /* RCTWebSocket.xcodeproj */;
			proxyType = 2;
			remoteGlobalIDString = 2D2A28881D9B049200D4039D;
			remoteInfo = "RCTWebSocket-tvOS";
		};
		3DAD3EA21DF850E9000B6D8A /* PBXContainerItemProxy */ = {
			isa = PBXContainerItemProxy;
			containerPortal = 146833FF1AC3E56700842450 /* React.xcodeproj */;
			proxyType = 2;
			remoteGlobalIDString = 2D2A28131D9B038B00D4039D;
			remoteInfo = "React-tvOS";
		};
		3DAD3EA41DF850E9000B6D8A /* PBXContainerItemProxy */ = {
			isa = PBXContainerItemProxy;
			containerPortal = 146833FF1AC3E56700842450 /* React.xcodeproj */;
			proxyType = 2;
			remoteGlobalIDString = 3D3C059A1DE3340900C268FA;
			remoteInfo = yoga;
		};
		3DAD3EA61DF850E9000B6D8A /* PBXContainerItemProxy */ = {
			isa = PBXContainerItemProxy;
			containerPortal = 146833FF1AC3E56700842450 /* React.xcodeproj */;
			proxyType = 2;
			remoteGlobalIDString = 3D3C06751DE3340C00C268FA;
			remoteInfo = "yoga-tvOS";
		};
		3DAD3EA81DF850E9000B6D8A /* PBXContainerItemProxy */ = {
			isa = PBXContainerItemProxy;
			containerPortal = 146833FF1AC3E56700842450 /* React.xcodeproj */;
			proxyType = 2;
			remoteGlobalIDString = 3D3CD9251DE5FBEC00167DC4;
			remoteInfo = cxxreact;
		};
		3DAD3EAA1DF850E9000B6D8A /* PBXContainerItemProxy */ = {
			isa = PBXContainerItemProxy;
			containerPortal = 146833FF1AC3E56700842450 /* React.xcodeproj */;
			proxyType = 2;
			remoteGlobalIDString = 3D3CD9321DE5FBEE00167DC4;
			remoteInfo = "cxxreact-tvOS";
		};
		5E9157321DD0AC6500FF2AA8 /* PBXContainerItemProxy */ = {
			isa = PBXContainerItemProxy;
			containerPortal = 5E91572D1DD0AC6500FF2AA8 /* RCTAnimation.xcodeproj */;
			proxyType = 2;
			remoteGlobalIDString = 134814201AA4EA6300B7C361;
			remoteInfo = RCTAnimation;
		};
		5E9157341DD0AC6500FF2AA8 /* PBXContainerItemProxy */ = {
			isa = PBXContainerItemProxy;
			containerPortal = 5E91572D1DD0AC6500FF2AA8 /* RCTAnimation.xcodeproj */;
			proxyType = 2;
			remoteGlobalIDString = 2D2A28201D9B03D100D4039D;
			remoteInfo = "RCTAnimation-tvOS";
		};
		607D610C1F325B7E00F639C4 /* PBXContainerItemProxy */ = {
			isa = PBXContainerItemProxy;
			containerPortal = 146833FF1AC3E56700842450 /* React.xcodeproj */;
			proxyType = 2;
			remoteGlobalIDString = 139D7ECE1E25DB7D00323FB7;
			remoteInfo = "third-party";
		};
		607D610E1F325B7E00F639C4 /* PBXContainerItemProxy */ = {
			isa = PBXContainerItemProxy;
			containerPortal = 146833FF1AC3E56700842450 /* React.xcodeproj */;
			proxyType = 2;
			remoteGlobalIDString = 3D383D3C1EBD27B6005632C8;
			remoteInfo = "third-party-tvOS";
		};
		607D61101F325B7E00F639C4 /* PBXContainerItemProxy */ = {
			isa = PBXContainerItemProxy;
			containerPortal = 146833FF1AC3E56700842450 /* React.xcodeproj */;
			proxyType = 2;
			remoteGlobalIDString = 139D7E881E25C6D100323FB7;
			remoteInfo = "double-conversion";
		};
		607D61121F325B7E00F639C4 /* PBXContainerItemProxy */ = {
			isa = PBXContainerItemProxy;
			containerPortal = 146833FF1AC3E56700842450 /* React.xcodeproj */;
			proxyType = 2;
			remoteGlobalIDString = 3D383D621EBD27B9005632C8;
			remoteInfo = "double-conversion-tvOS";
		};
		607D61151F325B7E00F639C4 /* PBXContainerItemProxy */ = {
			isa = PBXContainerItemProxy;
			containerPortal = 5A8684E7C27E426C9206E980 /* RealmReact.xcodeproj */;
			proxyType = 2;
			remoteGlobalIDString = F60690131CA2766F0003FB26;
			remoteInfo = RealmReact;
		};
		78C398B81ACF4ADC00677621 /* PBXContainerItemProxy */ = {
			isa = PBXContainerItemProxy;
			containerPortal = 78C398B01ACF4ADC00677621 /* RCTLinking.xcodeproj */;
			proxyType = 2;
			remoteGlobalIDString = 134814201AA4EA6300B7C361;
			remoteInfo = RCTLinking;
		};
		7A2D201E20726EF600D0AA04 /* PBXContainerItemProxy */ = {
			isa = PBXContainerItemProxy;
			containerPortal = 7A2D1FE620726EF600D0AA04 /* SMXCrashlytics.xcodeproj */;
			proxyType = 2;
			remoteGlobalIDString = D8D9DB831C6D03DB009FBC0E;
			remoteInfo = SMXCrashlytics;
		};
		7A2D202020726EF600D0AA04 /* PBXContainerItemProxy */ = {
			isa = PBXContainerItemProxy;
			containerPortal = 7A2D1FE620726EF600D0AA04 /* SMXCrashlytics.xcodeproj */;
			proxyType = 2;
			remoteGlobalIDString = 6463C84C1EBA12A60095B8CD;
			remoteInfo = "SMXCrashlytics-tvOS";
		};
		7A430E1D20238C02008F55BC /* PBXContainerItemProxy */ = {
			isa = PBXContainerItemProxy;
			containerPortal = 7A430E1620238C01008F55BC /* RCTCustomInputController.xcodeproj */;
			proxyType = 2;
			remoteGlobalIDString = 39DF4FE71E00394E00F5B4B2;
			remoteInfo = RCTCustomInputController;
		};
		7A770EC120BECDC7001AD51A /* PBXContainerItemProxy */ = {
			isa = PBXContainerItemProxy;
			containerPortal = 1845C223DA364898A8400573 /* FastImage.xcodeproj */;
			proxyType = 2;
			remoteGlobalIDString = A287971D1DE0C0A60081BDFA;
			remoteInfo = FastImage;
		};
		7A770EC520BECDC7001AD51A /* PBXContainerItemProxy */ = {
			isa = PBXContainerItemProxy;
			containerPortal = 22D3971EAF2E4660B4FAB3DD /* RNI18n.xcodeproj */;
			proxyType = 2;
			remoteGlobalIDString = 134814201AA4EA6300B7C361;
			remoteInfo = RNI18n;
		};
		7A770EC720BECDC7001AD51A /* PBXContainerItemProxy */ = {
			isa = PBXContainerItemProxy;
			containerPortal = 22D3971EAF2E4660B4FAB3DD /* RNI18n.xcodeproj */;
			proxyType = 2;
			remoteGlobalIDString = 6476C4051EEAA69700B10F51;
			remoteInfo = "RNI18n-tvOS";
		};
		7A7F5C981FCC982500024129 /* PBXContainerItemProxy */ = {
			isa = PBXContainerItemProxy;
			containerPortal = AD0379F2BCE84C968538CDAF /* RCTVideo.xcodeproj */;
			proxyType = 2;
			remoteGlobalIDString = 134814201AA4EA6300B7C361;
			remoteInfo = RCTVideo;
		};
		7A7F5C9A1FCC982500024129 /* PBXContainerItemProxy */ = {
			isa = PBXContainerItemProxy;
			containerPortal = AD0379F2BCE84C968538CDAF /* RCTVideo.xcodeproj */;
			proxyType = 2;
			remoteGlobalIDString = 641E28441F0EEC8500443AF6;
			remoteInfo = "RCTVideo-tvOS";
		};
		7A8C915220F39A8000C8F5EE /* PBXContainerItemProxy */ = {
			isa = PBXContainerItemProxy;
			containerPortal = 0B82BCC462E84F308C5B5CD1 /* RNFetchBlob.xcodeproj */;
			proxyType = 2;
			remoteGlobalIDString = A15C300E1CD25C330074CB35;
			remoteInfo = RNFetchBlob;
		};
		7A8DEB5120ED0BDE00C5DCE4 /* PBXContainerItemProxy */ = {
			isa = PBXContainerItemProxy;
			containerPortal = 7A8DEB1B20ED0BDE00C5DCE4 /* RNNotifications.xcodeproj */;
			proxyType = 2;
			remoteGlobalIDString = 134814201AA4EA6300B7C361;
			remoteInfo = RNNotifications;
		};
		7A9B5BC8221F2D0900478E23 /* PBXContainerItemProxy */ = {
			isa = PBXContainerItemProxy;
			containerPortal = 22A8B76C8EBA443BB97CE82D /* RNVectorIcons.xcodeproj */;
			proxyType = 2;
			remoteGlobalIDString = A39873CE1EA65EE60051E01A;
			remoteInfo = "RNVectorIcons-tvOS";
		};
		7AA7B71B2229AE520039764A /* PBXContainerItemProxy */ = {
			isa = PBXContainerItemProxy;
			containerPortal = B1A58A7ACB0E4453A44AEC38 /* RNGestureHandler.xcodeproj */;
			proxyType = 2;
			remoteGlobalIDString = B5C32A36220C603B000FFB8D;
			remoteInfo = "RNGestureHandler-tvOS";
		};
		7ACD487F222860DE00442C55 /* PBXContainerItemProxy */ = {
			isa = PBXContainerItemProxy;
			containerPortal = 146833FF1AC3E56700842450 /* React.xcodeproj */;
			proxyType = 2;
			remoteGlobalIDString = EDEBC6D6214B3E7000DD5AC8;
			remoteInfo = jsi;
		};
		7ACD4881222860DE00442C55 /* PBXContainerItemProxy */ = {
			isa = PBXContainerItemProxy;
			containerPortal = 146833FF1AC3E56700842450 /* React.xcodeproj */;
			proxyType = 2;
			remoteGlobalIDString = EDEBC73B214B45A300DD5AC8;
			remoteInfo = jsiexecutor;
		};
		7ACD4883222860DE00442C55 /* PBXContainerItemProxy */ = {
			isa = PBXContainerItemProxy;
			containerPortal = 146833FF1AC3E56700842450 /* React.xcodeproj */;
			proxyType = 2;
			remoteGlobalIDString = ED296FB6214C9A0900B7C4FE;
			remoteInfo = "jsi-tvOS";
		};
		7ACD4885222860DE00442C55 /* PBXContainerItemProxy */ = {
			isa = PBXContainerItemProxy;
			containerPortal = 146833FF1AC3E56700842450 /* React.xcodeproj */;
			proxyType = 2;
			remoteGlobalIDString = ED296FEE214C9CF800B7C4FE;
			remoteInfo = "jsiexecutor-tvOS";
		};
		7AD44CF421518C610099D147 /* PBXContainerItemProxy */ = {
			isa = PBXContainerItemProxy;
			containerPortal = B1A58A7ACB0E4453A44AEC38 /* RNGestureHandler.xcodeproj */;
			proxyType = 2;
			remoteGlobalIDString = 134814201AA4EA6300B7C361;
			remoteInfo = RNGestureHandler;
		};
		832341B41AAA6A8300B99B32 /* PBXContainerItemProxy */ = {
			isa = PBXContainerItemProxy;
			containerPortal = 832341B01AAA6A8300B99B32 /* RCTText.xcodeproj */;
			proxyType = 2;
			remoteGlobalIDString = 58B5119B1A9E6C1200147676;
			remoteInfo = RCTText;
		};
		A9A6C934204DD556006B7D9D /* PBXContainerItemProxy */ = {
			isa = PBXContainerItemProxy;
			containerPortal = 146833FF1AC3E56700842450 /* React.xcodeproj */;
			proxyType = 2;
			remoteGlobalIDString = EBF21BDC1FC498900052F4D5;
			remoteInfo = jsinspector;
		};
		A9A6C936204DD556006B7D9D /* PBXContainerItemProxy */ = {
			isa = PBXContainerItemProxy;
			containerPortal = 146833FF1AC3E56700842450 /* React.xcodeproj */;
			proxyType = 2;
			remoteGlobalIDString = EBF21BFA1FC4989A0052F4D5;
			remoteInfo = "jsinspector-tvOS";
		};
		A9A6C944204DD557006B7D9D /* PBXContainerItemProxy */ = {
			isa = PBXContainerItemProxy;
			containerPortal = C21010507E5B4B37BA0E4C9D /* RNAudio.xcodeproj */;
			proxyType = 2;
			remoteGlobalIDString = 42F559BA1CFC90C400DC3F84;
			remoteInfo = RNAudio;
		};
		B810DF90203B10490010C331 /* PBXContainerItemProxy */ = {
			isa = PBXContainerItemProxy;
			containerPortal = 4019A5E1911B4C61944FBCEC /* SafariViewManager.xcodeproj */;
			proxyType = 2;
			remoteGlobalIDString = 134814201AA4EA6300B7C361;
			remoteInfo = SafariViewManager;
		};
		B88F58451FBF55E200B352B8 /* PBXContainerItemProxy */ = {
			isa = PBXContainerItemProxy;
			containerPortal = B88F58361FBF55E200B352B8 /* RCTPushNotification.xcodeproj */;
			proxyType = 2;
			remoteGlobalIDString = 134814201AA4EA6300B7C361;
			remoteInfo = RCTPushNotification;
		};
		B88F58471FBF55E200B352B8 /* PBXContainerItemProxy */ = {
			isa = PBXContainerItemProxy;
			containerPortal = B88F58361FBF55E200B352B8 /* RCTPushNotification.xcodeproj */;
			proxyType = 2;
			remoteGlobalIDString = 3D05745F1DE6004600184BB4;
			remoteInfo = "RCTPushNotification-tvOS";
		};
		B88F58521FBF55E200B352B8 /* PBXContainerItemProxy */ = {
			isa = PBXContainerItemProxy;
			containerPortal = 139FDEE61B06529A00C62182 /* RCTWebSocket.xcodeproj */;
			proxyType = 2;
			remoteGlobalIDString = 3DBE0D001F3B181A0099AA32;
			remoteInfo = fishhook;
		};
		B88F58541FBF55E200B352B8 /* PBXContainerItemProxy */ = {
			isa = PBXContainerItemProxy;
			containerPortal = 139FDEE61B06529A00C62182 /* RCTWebSocket.xcodeproj */;
			proxyType = 2;
			remoteGlobalIDString = 3DBE0D0D1F3B181C0099AA32;
			remoteInfo = "fishhook-tvOS";
		};
		B8971BB0202A091D0000D245 /* PBXContainerItemProxy */ = {
			isa = PBXContainerItemProxy;
			containerPortal = B8971BAC202A091D0000D245 /* KeyboardTrackingView.xcodeproj */;
			proxyType = 2;
			remoteGlobalIDString = D834CED81CC64F2400FA5668;
			remoteInfo = KeyboardTrackingView;
		};
		B8E79A901F3CCC6D005B464F /* PBXContainerItemProxy */ = {
			isa = PBXContainerItemProxy;
			containerPortal = 22A8B76C8EBA443BB97CE82D /* RNVectorIcons.xcodeproj */;
			proxyType = 2;
			remoteGlobalIDString = 5DBEB1501B18CEA900B34395;
			remoteInfo = RNVectorIcons;
		};
/* End PBXContainerItemProxy section */

/* Begin PBXCopyFilesBuildPhase section */
		7A6EDBE020ED6E020086E097 /* Embed Frameworks */ = {
			isa = PBXCopyFilesBuildPhase;
			buildActionMask = 2147483647;
			dstPath = "";
			dstSubfolderSpec = 10;
			files = (
			);
			name = "Embed Frameworks";
			runOnlyForDeploymentPostprocessing = 0;
		};
/* End PBXCopyFilesBuildPhase section */

/* Begin PBXFileReference section */
		008F07F21AC5B25A0029DE68 /* main.jsbundle */ = {isa = PBXFileReference; fileEncoding = 4; lastKnownFileType = text; path = main.jsbundle; sourceTree = "<group>"; };
		00C302A71ABCB8CE00DB3ED1 /* RCTActionSheet.xcodeproj */ = {isa = PBXFileReference; lastKnownFileType = "wrapper.pb-project"; name = RCTActionSheet.xcodeproj; path = "../node_modules/react-native/Libraries/ActionSheetIOS/RCTActionSheet.xcodeproj"; sourceTree = "<group>"; };
		00C302B51ABCB90400DB3ED1 /* RCTGeolocation.xcodeproj */ = {isa = PBXFileReference; lastKnownFileType = "wrapper.pb-project"; name = RCTGeolocation.xcodeproj; path = "../node_modules/react-native/Libraries/Geolocation/RCTGeolocation.xcodeproj"; sourceTree = "<group>"; };
		00C302BB1ABCB91800DB3ED1 /* RCTImage.xcodeproj */ = {isa = PBXFileReference; lastKnownFileType = "wrapper.pb-project"; name = RCTImage.xcodeproj; path = "../node_modules/react-native/Libraries/Image/RCTImage.xcodeproj"; sourceTree = "<group>"; };
		00C302D31ABCB9D200DB3ED1 /* RCTNetwork.xcodeproj */ = {isa = PBXFileReference; lastKnownFileType = "wrapper.pb-project"; name = RCTNetwork.xcodeproj; path = "../node_modules/react-native/Libraries/Network/RCTNetwork.xcodeproj"; sourceTree = "<group>"; };
		00C302DF1ABCB9EE00DB3ED1 /* RCTVibration.xcodeproj */ = {isa = PBXFileReference; lastKnownFileType = "wrapper.pb-project"; name = RCTVibration.xcodeproj; path = "../node_modules/react-native/Libraries/Vibration/RCTVibration.xcodeproj"; sourceTree = "<group>"; };
		06BB44DD4855498082A744AD /* libz.tbd */ = {isa = PBXFileReference; explicitFileType = undefined; fileEncoding = 9; includeInIndex = 0; lastKnownFileType = "sourcecode.text-based-dylib-definition"; name = libz.tbd; path = usr/lib/libz.tbd; sourceTree = SDKROOT; };
		0B82BCC462E84F308C5B5CD1 /* RNFetchBlob.xcodeproj */ = {isa = PBXFileReference; explicitFileType = undefined; fileEncoding = 9; includeInIndex = 0; lastKnownFileType = "wrapper.pb-project"; name = RNFetchBlob.xcodeproj; path = "../node_modules/rn-fetch-blob/ios/RNFetchBlob.xcodeproj"; sourceTree = "<group>"; };
		1142E3442BA94B19BCF52814 /* libRNAudio.a */ = {isa = PBXFileReference; explicitFileType = undefined; fileEncoding = 9; includeInIndex = 0; lastKnownFileType = archive.ar; path = libRNAudio.a; sourceTree = "<group>"; };
		139105B61AF99BAD00B5F7CC /* RCTSettings.xcodeproj */ = {isa = PBXFileReference; lastKnownFileType = "wrapper.pb-project"; name = RCTSettings.xcodeproj; path = "../node_modules/react-native/Libraries/Settings/RCTSettings.xcodeproj"; sourceTree = "<group>"; };
		139FDEE61B06529A00C62182 /* RCTWebSocket.xcodeproj */ = {isa = PBXFileReference; lastKnownFileType = "wrapper.pb-project"; name = RCTWebSocket.xcodeproj; path = "../node_modules/react-native/Libraries/WebSocket/RCTWebSocket.xcodeproj"; sourceTree = "<group>"; };
		13B07F961A680F5B00A75B9A /* RocketChatRN.app */ = {isa = PBXFileReference; explicitFileType = wrapper.application; includeInIndex = 0; path = RocketChatRN.app; sourceTree = BUILT_PRODUCTS_DIR; };
		13B07FAF1A68108700A75B9A /* AppDelegate.h */ = {isa = PBXFileReference; fileEncoding = 4; lastKnownFileType = sourcecode.c.h; name = AppDelegate.h; path = RocketChatRN/AppDelegate.h; sourceTree = "<group>"; };
		13B07FB01A68108700A75B9A /* AppDelegate.m */ = {isa = PBXFileReference; fileEncoding = 4; lastKnownFileType = sourcecode.c.objc; name = AppDelegate.m; path = RocketChatRN/AppDelegate.m; sourceTree = "<group>"; };
		13B07FB51A68108700A75B9A /* Images.xcassets */ = {isa = PBXFileReference; lastKnownFileType = folder.assetcatalog; name = Images.xcassets; path = RocketChatRN/Images.xcassets; sourceTree = "<group>"; };
		13B07FB61A68108700A75B9A /* Info.plist */ = {isa = PBXFileReference; fileEncoding = 4; lastKnownFileType = text.plist.xml; name = Info.plist; path = RocketChatRN/Info.plist; sourceTree = "<group>"; };
		13B07FB71A68108700A75B9A /* main.m */ = {isa = PBXFileReference; fileEncoding = 4; lastKnownFileType = sourcecode.c.objc; name = main.m; path = RocketChatRN/main.m; sourceTree = "<group>"; };
		146833FF1AC3E56700842450 /* React.xcodeproj */ = {isa = PBXFileReference; lastKnownFileType = "wrapper.pb-project"; name = React.xcodeproj; path = "../node_modules/react-native/React/React.xcodeproj"; sourceTree = "<group>"; };
		1845C223DA364898A8400573 /* FastImage.xcodeproj */ = {isa = PBXFileReference; explicitFileType = undefined; fileEncoding = 9; includeInIndex = 0; lastKnownFileType = "wrapper.pb-project"; name = FastImage.xcodeproj; path = "../node_modules/react-native-fast-image/ios/FastImage.xcodeproj"; sourceTree = "<group>"; };
		1A34D902CC074FF1BCC7DB48 /* libimageCropPicker.a */ = {isa = PBXFileReference; explicitFileType = undefined; fileEncoding = 9; includeInIndex = 0; lastKnownFileType = archive.ar; path = libimageCropPicker.a; sourceTree = "<group>"; };
		1D3BB00B9ABF44EA9BD71318 /* libSafariViewManager.a */ = {isa = PBXFileReference; explicitFileType = undefined; fileEncoding = 9; includeInIndex = 0; lastKnownFileType = archive.ar; path = libSafariViewManager.a; sourceTree = "<group>"; };
		20CE3E407E0D4D9E8C9885F2 /* libRCTVideo.a */ = {isa = PBXFileReference; explicitFileType = undefined; fileEncoding = 9; includeInIndex = 0; lastKnownFileType = archive.ar; path = libRCTVideo.a; sourceTree = "<group>"; };
		22A8B76C8EBA443BB97CE82D /* RNVectorIcons.xcodeproj */ = {isa = PBXFileReference; explicitFileType = undefined; fileEncoding = 9; includeInIndex = 0; lastKnownFileType = "wrapper.pb-project"; name = RNVectorIcons.xcodeproj; path = "../node_modules/react-native-vector-icons/RNVectorIcons.xcodeproj"; sourceTree = "<group>"; };
		22D3971EAF2E4660B4FAB3DD /* RNI18n.xcodeproj */ = {isa = PBXFileReference; explicitFileType = undefined; fileEncoding = 9; includeInIndex = 0; lastKnownFileType = "wrapper.pb-project"; name = RNI18n.xcodeproj; path = "../node_modules/react-native-i18n/ios/RNI18n.xcodeproj"; sourceTree = "<group>"; };
		3B696712EE2345A59F007A88 /* libRNImagePicker.a */ = {isa = PBXFileReference; explicitFileType = undefined; fileEncoding = 9; includeInIndex = 0; lastKnownFileType = archive.ar; path = libRNImagePicker.a; sourceTree = "<group>"; };
		4019A5E1911B4C61944FBCEC /* SafariViewManager.xcodeproj */ = {isa = PBXFileReference; explicitFileType = undefined; fileEncoding = 9; includeInIndex = 0; lastKnownFileType = "wrapper.pb-project"; name = SafariViewManager.xcodeproj; path = "../node_modules/react-native-safari-view/SafariViewManager.xcodeproj"; sourceTree = "<group>"; };
		58E5009FCA8D40E59303C3DD /* libRNGestureHandler.a */ = {isa = PBXFileReference; explicitFileType = undefined; fileEncoding = 9; includeInIndex = 0; lastKnownFileType = archive.ar; path = libRNGestureHandler.a; sourceTree = "<group>"; };
		5A0EEFAF8AB14F5B9E796CDD /* libRNVectorIcons.a */ = {isa = PBXFileReference; explicitFileType = undefined; fileEncoding = 9; includeInIndex = 0; lastKnownFileType = archive.ar; path = libRNVectorIcons.a; sourceTree = "<group>"; };
		5A8684E7C27E426C9206E980 /* RealmReact.xcodeproj */ = {isa = PBXFileReference; explicitFileType = undefined; fileEncoding = 9; includeInIndex = 0; lastKnownFileType = "wrapper.pb-project"; name = RealmReact.xcodeproj; path = "../node_modules/realm/react-native/ios/RealmReact.xcodeproj"; sourceTree = "<group>"; };
		5E91572D1DD0AC6500FF2AA8 /* RCTAnimation.xcodeproj */ = {isa = PBXFileReference; lastKnownFileType = "wrapper.pb-project"; name = RCTAnimation.xcodeproj; path = "../node_modules/react-native/Libraries/NativeAnimation/RCTAnimation.xcodeproj"; sourceTree = "<group>"; };
		60B2A6A31FC4588700BD58E5 /* RocketChatRN.entitlements */ = {isa = PBXFileReference; lastKnownFileType = text.plist.entitlements; name = RocketChatRN.entitlements; path = RocketChatRN/RocketChatRN.entitlements; sourceTree = "<group>"; };
		6533FB90166345D29F1B91C0 /* libRNFetchBlob.a */ = {isa = PBXFileReference; explicitFileType = undefined; fileEncoding = 9; includeInIndex = 0; lastKnownFileType = archive.ar; path = libRNFetchBlob.a; sourceTree = "<group>"; };
		66D6B1D0567051BE541450C9 /* Pods-RocketChatRN.release.xcconfig */ = {isa = PBXFileReference; includeInIndex = 1; lastKnownFileType = text.xcconfig; name = "Pods-RocketChatRN.release.xcconfig"; path = "Pods/Target Support Files/Pods-RocketChatRN/Pods-RocketChatRN.release.xcconfig"; sourceTree = "<group>"; };
		78C398B01ACF4ADC00677621 /* RCTLinking.xcodeproj */ = {isa = PBXFileReference; lastKnownFileType = "wrapper.pb-project"; name = RCTLinking.xcodeproj; path = "../node_modules/react-native/Libraries/LinkingIOS/RCTLinking.xcodeproj"; sourceTree = "<group>"; };
		7A2D1FE620726EF600D0AA04 /* SMXCrashlytics.xcodeproj */ = {isa = PBXFileReference; lastKnownFileType = "wrapper.pb-project"; name = SMXCrashlytics.xcodeproj; path = "../node_modules/react-native-fabric/ios/SMXCrashlytics.xcodeproj"; sourceTree = "<group>"; };
		7A309C9B20724870000C6B13 /* Fabric.sh */ = {isa = PBXFileReference; lastKnownFileType = text.script.sh; name = Fabric.sh; path = RocketChatRN/Fabric.sh; sourceTree = "<group>"; };
		7A32C20F206D791D001C80E9 /* Fabric.framework */ = {isa = PBXFileReference; lastKnownFileType = wrapper.framework; name = Fabric.framework; path = "../../../../Downloads/com.crashlytics.ios-manual/Fabric.framework"; sourceTree = "<group>"; };
		7A32C245206D791D001C80E9 /* Crashlytics.framework */ = {isa = PBXFileReference; lastKnownFileType = wrapper.framework; name = Crashlytics.framework; path = "../../../../Downloads/com.crashlytics.ios-manual/Crashlytics.framework"; sourceTree = "<group>"; };
		7A430E1620238C01008F55BC /* RCTCustomInputController.xcodeproj */ = {isa = PBXFileReference; lastKnownFileType = "wrapper.pb-project"; name = RCTCustomInputController.xcodeproj; path = "../node_modules/react-native-keyboard-input/lib/ios/RCTCustomInputController.xcodeproj"; sourceTree = "<group>"; };
		7A55F1C42236D541005109A0 /* custom.ttf */ = {isa = PBXFileReference; lastKnownFileType = file; path = custom.ttf; sourceTree = "<group>"; };
		7A8DEB1B20ED0BDE00C5DCE4 /* RNNotifications.xcodeproj */ = {isa = PBXFileReference; lastKnownFileType = "wrapper.pb-project"; name = RNNotifications.xcodeproj; path = "../node_modules/react-native-notifications/RNNotifications/RNNotifications.xcodeproj"; sourceTree = "<group>"; };
		7ACD4853222860DE00442C55 /* JavaScriptCore.framework */ = {isa = PBXFileReference; lastKnownFileType = wrapper.framework; name = JavaScriptCore.framework; path = System/Library/Frameworks/JavaScriptCore.framework; sourceTree = SDKROOT; };
		832341B01AAA6A8300B99B32 /* RCTText.xcodeproj */ = {isa = PBXFileReference; lastKnownFileType = "wrapper.pb-project"; name = RCTText.xcodeproj; path = "../node_modules/react-native/Libraries/Text/RCTText.xcodeproj"; sourceTree = "<group>"; };
		921481B47B50490CA761932E /* libRNI18n.a */ = {isa = PBXFileReference; explicitFileType = undefined; fileEncoding = 9; includeInIndex = 0; lastKnownFileType = archive.ar; path = libRNI18n.a; sourceTree = "<group>"; };
		ACD75701AFD1CB848CAB0CB3 /* Pods-RocketChatRN.debug.xcconfig */ = {isa = PBXFileReference; includeInIndex = 1; lastKnownFileType = text.xcconfig; name = "Pods-RocketChatRN.debug.xcconfig"; path = "Pods/Target Support Files/Pods-RocketChatRN/Pods-RocketChatRN.debug.xcconfig"; sourceTree = "<group>"; };
		AD0379F2BCE84C968538CDAF /* RCTVideo.xcodeproj */ = {isa = PBXFileReference; explicitFileType = undefined; fileEncoding = 9; includeInIndex = 0; lastKnownFileType = "wrapper.pb-project"; name = RCTVideo.xcodeproj; path = "../node_modules/react-native-video/ios/RCTVideo.xcodeproj"; sourceTree = "<group>"; };
		B1A58A7ACB0E4453A44AEC38 /* RNGestureHandler.xcodeproj */ = {isa = PBXFileReference; explicitFileType = undefined; fileEncoding = 9; includeInIndex = 0; lastKnownFileType = "wrapper.pb-project"; name = RNGestureHandler.xcodeproj; path = "../node_modules/react-native-gesture-handler/ios/RNGestureHandler.xcodeproj"; sourceTree = "<group>"; };
		B2607FA180F14E6584301101 /* libSplashScreen.a */ = {isa = PBXFileReference; explicitFileType = undefined; fileEncoding = 9; includeInIndex = 0; lastKnownFileType = archive.ar; path = libSplashScreen.a; sourceTree = "<group>"; };
		B37C79D9BD0742CE936B6982 /* libc++.tbd */ = {isa = PBXFileReference; explicitFileType = undefined; fileEncoding = 9; includeInIndex = 0; lastKnownFileType = "sourcecode.text-based-dylib-definition"; name = "libc++.tbd"; path = "usr/lib/libc++.tbd"; sourceTree = SDKROOT; };
		B88F58361FBF55E200B352B8 /* RCTPushNotification.xcodeproj */ = {isa = PBXFileReference; lastKnownFileType = "wrapper.pb-project"; name = RCTPushNotification.xcodeproj; path = "../node_modules/react-native/Libraries/PushNotificationIOS/RCTPushNotification.xcodeproj"; sourceTree = "<group>"; };
		B8971BAC202A091D0000D245 /* KeyboardTrackingView.xcodeproj */ = {isa = PBXFileReference; lastKnownFileType = "wrapper.pb-project"; name = KeyboardTrackingView.xcodeproj; path = "../node_modules/react-native-keyboard-tracking-view/lib/KeyboardTrackingView.xcodeproj"; sourceTree = "<group>"; };
		BAAE4B947F5D44959F0A9D5A /* libRNZeroconf.a */ = {isa = PBXFileReference; explicitFileType = undefined; fileEncoding = 9; includeInIndex = 0; lastKnownFileType = archive.ar; path = libRNZeroconf.a; sourceTree = "<group>"; };
		C21010507E5B4B37BA0E4C9D /* RNAudio.xcodeproj */ = {isa = PBXFileReference; explicitFileType = undefined; fileEncoding = 9; includeInIndex = 0; lastKnownFileType = "wrapper.pb-project"; name = RNAudio.xcodeproj; path = "../node_modules/react-native-audio/ios/RNAudio.xcodeproj"; sourceTree = "<group>"; };
		C235DC7B31A4D1578EDEF219 /* libPods-RocketChatRN.a */ = {isa = PBXFileReference; explicitFileType = archive.ar; includeInIndex = 0; path = "libPods-RocketChatRN.a"; sourceTree = BUILT_PRODUCTS_DIR; };
		DA50CE47374C4C35BE6D9D58 /* libRNSVG.a */ = {isa = PBXFileReference; explicitFileType = undefined; fileEncoding = 9; includeInIndex = 0; lastKnownFileType = archive.ar; path = libRNSVG.a; sourceTree = "<group>"; };
		DF26CC845883492D8AC8869B /* libRealmReact.a */ = {isa = PBXFileReference; explicitFileType = undefined; fileEncoding = 9; includeInIndex = 0; lastKnownFileType = archive.ar; path = libRealmReact.a; sourceTree = "<group>"; };
		FD2E2837F110483CA29EE0D4 /* libFastImage.a */ = {isa = PBXFileReference; explicitFileType = undefined; fileEncoding = 9; includeInIndex = 0; lastKnownFileType = archive.ar; path = libFastImage.a; sourceTree = "<group>"; };
/* End PBXFileReference section */

/* Begin PBXFrameworksBuildPhase section */
		13B07F8C1A680F5B00A75B9A /* Frameworks */ = {
			isa = PBXFrameworksBuildPhase;
			buildActionMask = 2147483647;
			files = (
				7ACD4897222860DE00442C55 /* JavaScriptCore.framework in Frameworks */,
				7A8DEB5A20ED0BEC00C5DCE4 /* libRNNotifications.a in Frameworks */,
				7A2D202320726F1400D0AA04 /* libSMXCrashlytics.a in Frameworks */,
				B8971BB2202A093B0000D245 /* libKeyboardTrackingView.a in Frameworks */,
				7A430E4F20238C46008F55BC /* libRCTCustomInputController.a in Frameworks */,
				146834051AC3E58100842450 /* libReact.a in Frameworks */,
				B88F586F1FBF57F600B352B8 /* libRCTPushNotification.a in Frameworks */,
				5E9157361DD0AC6A00FF2AA8 /* libRCTAnimation.a in Frameworks */,
				00C302E51ABCBA2D00DB3ED1 /* libRCTActionSheet.a in Frameworks */,
				7A32C246206D791D001C80E9 /* Fabric.framework in Frameworks */,
				00C302E71ABCBA2D00DB3ED1 /* libRCTGeolocation.a in Frameworks */,
				00C302E81ABCBA2D00DB3ED1 /* libRCTImage.a in Frameworks */,
				133E29F31AD74F7200F7D852 /* libRCTLinking.a in Frameworks */,
				00C302E91ABCBA2D00DB3ED1 /* libRCTNetwork.a in Frameworks */,
				139105C61AF99C1200B5F7CC /* libRCTSettings.a in Frameworks */,
				832341BD1AAA6AB300B99B32 /* libRCTText.a in Frameworks */,
				00C302EA1ABCBA2D00DB3ED1 /* libRCTVibration.a in Frameworks */,
				139FDEF61B0652A700C62182 /* libRCTWebSocket.a in Frameworks */,
				EF736EF520A64AE8820E684A /* libRealmReact.a in Frameworks */,
				0C6E2DE448364EA896869ADF /* libc++.tbd in Frameworks */,
				24A2AEF2383D44B586D31C01 /* libz.tbd in Frameworks */,
				BED2B77AA660460E8BC9F8E0 /* libRNFetchBlob.a in Frameworks */,
				77C35F50C01C43668188886C /* libRNVectorIcons.a in Frameworks */,
				8ECBD927DDAC4987B98E102E /* libRCTVideo.a in Frameworks */,
				7A32C247206D791D001C80E9 /* Crashlytics.framework in Frameworks */,
				2C800DF680F8451599E80AF1 /* libSafariViewManager.a in Frameworks */,
				74815BBCB91147C08C8F7B3D /* libRNAudio.a in Frameworks */,
				BAB7DC22804246F3923A1833 /* libFastImage.a in Frameworks */,
				F5BF54DC78E1411B8343933B /* libRNI18n.a in Frameworks */,
				50046CB6BDA69B9232CF66D9 /* libPods-RocketChatRN.a in Frameworks */,
				95E57ADEB9A0487791D2C50E /* libRNGestureHandler.a in Frameworks */,
			);
			runOnlyForDeploymentPostprocessing = 0;
		};
/* End PBXFrameworksBuildPhase section */

/* Begin PBXGroup section */
		00C302A81ABCB8CE00DB3ED1 /* Products */ = {
			isa = PBXGroup;
			children = (
				00C302AC1ABCB8CE00DB3ED1 /* libRCTActionSheet.a */,
			);
			name = Products;
			sourceTree = "<group>";
		};
		00C302B61ABCB90400DB3ED1 /* Products */ = {
			isa = PBXGroup;
			children = (
				00C302BA1ABCB90400DB3ED1 /* libRCTGeolocation.a */,
			);
			name = Products;
			sourceTree = "<group>";
		};
		00C302BC1ABCB91800DB3ED1 /* Products */ = {
			isa = PBXGroup;
			children = (
				00C302C01ABCB91800DB3ED1 /* libRCTImage.a */,
				3DAD3E841DF850E9000B6D8A /* libRCTImage-tvOS.a */,
			);
			name = Products;
			sourceTree = "<group>";
		};
		00C302D41ABCB9D200DB3ED1 /* Products */ = {
			isa = PBXGroup;
			children = (
				00C302DC1ABCB9D200DB3ED1 /* libRCTNetwork.a */,
				3DAD3E8C1DF850E9000B6D8A /* libRCTNetwork-tvOS.a */,
			);
			name = Products;
			sourceTree = "<group>";
		};
		00C302E01ABCB9EE00DB3ED1 /* Products */ = {
			isa = PBXGroup;
			children = (
				00C302E41ABCB9EE00DB3ED1 /* libRCTVibration.a */,
			);
			name = Products;
			sourceTree = "<group>";
		};
		139105B71AF99BAD00B5F7CC /* Products */ = {
			isa = PBXGroup;
			children = (
				139105C11AF99BAD00B5F7CC /* libRCTSettings.a */,
				3DAD3E901DF850E9000B6D8A /* libRCTSettings-tvOS.a */,
			);
			name = Products;
			sourceTree = "<group>";
		};
		139FDEE71B06529A00C62182 /* Products */ = {
			isa = PBXGroup;
			children = (
				139FDEF41B06529B00C62182 /* libRCTWebSocket.a */,
				3DAD3E991DF850E9000B6D8A /* libRCTWebSocket-tvOS.a */,
				B88F58531FBF55E200B352B8 /* libfishhook.a */,
				B88F58551FBF55E200B352B8 /* libfishhook-tvOS.a */,
			);
			name = Products;
			sourceTree = "<group>";
		};
		13B07FAE1A68108700A75B9A /* RocketChatRN */ = {
			isa = PBXGroup;
			children = (
				60B2A6A31FC4588700BD58E5 /* RocketChatRN.entitlements */,
				008F07F21AC5B25A0029DE68 /* main.jsbundle */,
				13B07FAF1A68108700A75B9A /* AppDelegate.h */,
				13B07FB01A68108700A75B9A /* AppDelegate.m */,
				13B07FB51A68108700A75B9A /* Images.xcassets */,
				13B07FB61A68108700A75B9A /* Info.plist */,
				13B07FB71A68108700A75B9A /* main.m */,
				7A309C9B20724870000C6B13 /* Fabric.sh */,
			);
			name = RocketChatRN;
			sourceTree = "<group>";
		};
		146834001AC3E56700842450 /* Products */ = {
			isa = PBXGroup;
			children = (
				146834041AC3E56700842450 /* libReact.a */,
				3DAD3EA31DF850E9000B6D8A /* libReact.a */,
				3DAD3EA51DF850E9000B6D8A /* libyoga.a */,
				3DAD3EA71DF850E9000B6D8A /* libyoga.a */,
				3DAD3EA91DF850E9000B6D8A /* libcxxreact.a */,
				3DAD3EAB1DF850E9000B6D8A /* libcxxreact.a */,
				A9A6C935204DD556006B7D9D /* libjsinspector.a */,
				A9A6C937204DD556006B7D9D /* libjsinspector-tvOS.a */,
				607D610D1F325B7E00F639C4 /* libthird-party.a */,
				607D610F1F325B7E00F639C4 /* libthird-party.a */,
				607D61111F325B7E00F639C4 /* libdouble-conversion.a */,
				607D61131F325B7E00F639C4 /* libdouble-conversion.a */,
				7ACD4880222860DE00442C55 /* libjsi.a */,
				7ACD4882222860DE00442C55 /* libjsiexecutor.a */,
				7ACD4884222860DE00442C55 /* libjsi-tvOS.a */,
				7ACD4886222860DE00442C55 /* libjsiexecutor-tvOS.a */,
			);
			name = Products;
			sourceTree = "<group>";
		};
		22CA7F59107E0C79C2506C7C /* Pods */ = {
			isa = PBXGroup;
			children = (
				ACD75701AFD1CB848CAB0CB3 /* Pods-RocketChatRN.debug.xcconfig */,
				66D6B1D0567051BE541450C9 /* Pods-RocketChatRN.release.xcconfig */,
			);
			name = Pods;
			sourceTree = "<group>";
		};
		5E91572E1DD0AC6500FF2AA8 /* Products */ = {
			isa = PBXGroup;
			children = (
				5E9157331DD0AC6500FF2AA8 /* libRCTAnimation.a */,
				5E9157351DD0AC6500FF2AA8 /* libRCTAnimation.a */,
			);
			name = Products;
			sourceTree = "<group>";
		};
		607D60ED1F325B7D00F639C4 /* Products */ = {
			isa = PBXGroup;
			children = (
				607D61161F325B7E00F639C4 /* libRealmReact.a */,
			);
			name = Products;
			sourceTree = "<group>";
		};
		78C398B11ACF4ADC00677621 /* Products */ = {
			isa = PBXGroup;
			children = (
				78C398B91ACF4ADC00677621 /* libRCTLinking.a */,
				3DAD3E881DF850E9000B6D8A /* libRCTLinking-tvOS.a */,
			);
			name = Products;
			sourceTree = "<group>";
		};
		7A2D1FE720726EF600D0AA04 /* Products */ = {
			isa = PBXGroup;
			children = (
				7A2D201F20726EF600D0AA04 /* libSMXCrashlytics.a */,
				7A2D202120726EF600D0AA04 /* libSMXCrashlytics.a */,
			);
			name = Products;
			sourceTree = "<group>";
		};
		7A430E1720238C01008F55BC /* Products */ = {
			isa = PBXGroup;
			children = (
				7A430E1E20238C02008F55BC /* libRCTCustomInputController.a */,
			);
			name = Products;
			sourceTree = "<group>";
		};
		7A770EBC20BECDC7001AD51A /* Products */ = {
			isa = PBXGroup;
			children = (
				7A770EC620BECDC7001AD51A /* libRNI18n.a */,
				7A770EC820BECDC7001AD51A /* libRNI18n-tvOS.a */,
			);
			name = Products;
			sourceTree = "<group>";
		};
		7A770EBE20BECDC7001AD51A /* Products */ = {
			isa = PBXGroup;
			children = (
				7A770EC220BECDC7001AD51A /* libFastImage.a */,
			);
			name = Products;
			sourceTree = "<group>";
		};
		7A7F5C831FCC982500024129 /* Products */ = {
			isa = PBXGroup;
			children = (
				7A7F5C991FCC982500024129 /* libRCTVideo.a */,
				7A7F5C9B1FCC982500024129 /* libRCTVideo.a */,
			);
			name = Products;
			sourceTree = "<group>";
		};
		7A8C912120F39A8000C8F5EE /* Products */ = {
			isa = PBXGroup;
			children = (
				7A8C915320F39A8000C8F5EE /* libRNFetchBlob.a */,
			);
			name = Products;
			sourceTree = "<group>";
		};
		7A8DEB1C20ED0BDE00C5DCE4 /* Products */ = {
			isa = PBXGroup;
			children = (
				7A8DEB5220ED0BDE00C5DCE4 /* libRNNotifications.a */,
			);
			name = Products;
			sourceTree = "<group>";
		};
		7AD44CF121518C610099D147 /* Products */ = {
			isa = PBXGroup;
			children = (
				7AD44CF521518C610099D147 /* libRNGestureHandler.a */,
				7AA7B71C2229AE520039764A /* libRNGestureHandler-tvOS.a */,
			);
			name = Products;
			sourceTree = "<group>";
		};
		832341AE1AAA6A7D00B99B32 /* Libraries */ = {
			isa = PBXGroup;
			children = (
				7A8DEB1B20ED0BDE00C5DCE4 /* RNNotifications.xcodeproj */,
				7A2D1FE620726EF600D0AA04 /* SMXCrashlytics.xcodeproj */,
				B8971BAC202A091D0000D245 /* KeyboardTrackingView.xcodeproj */,
				7A430E1620238C01008F55BC /* RCTCustomInputController.xcodeproj */,
				B88F58361FBF55E200B352B8 /* RCTPushNotification.xcodeproj */,
				5E91572D1DD0AC6500FF2AA8 /* RCTAnimation.xcodeproj */,
				146833FF1AC3E56700842450 /* React.xcodeproj */,
				00C302A71ABCB8CE00DB3ED1 /* RCTActionSheet.xcodeproj */,
				00C302B51ABCB90400DB3ED1 /* RCTGeolocation.xcodeproj */,
				00C302BB1ABCB91800DB3ED1 /* RCTImage.xcodeproj */,
				78C398B01ACF4ADC00677621 /* RCTLinking.xcodeproj */,
				00C302D31ABCB9D200DB3ED1 /* RCTNetwork.xcodeproj */,
				139105B61AF99BAD00B5F7CC /* RCTSettings.xcodeproj */,
				832341B01AAA6A8300B99B32 /* RCTText.xcodeproj */,
				00C302DF1ABCB9EE00DB3ED1 /* RCTVibration.xcodeproj */,
				139FDEE61B06529A00C62182 /* RCTWebSocket.xcodeproj */,
				5A8684E7C27E426C9206E980 /* RealmReact.xcodeproj */,
				22A8B76C8EBA443BB97CE82D /* RNVectorIcons.xcodeproj */,
				AD0379F2BCE84C968538CDAF /* RCTVideo.xcodeproj */,
				4019A5E1911B4C61944FBCEC /* SafariViewManager.xcodeproj */,
				C21010507E5B4B37BA0E4C9D /* RNAudio.xcodeproj */,
				1845C223DA364898A8400573 /* FastImage.xcodeproj */,
				22D3971EAF2E4660B4FAB3DD /* RNI18n.xcodeproj */,
				0B82BCC462E84F308C5B5CD1 /* RNFetchBlob.xcodeproj */,
				B1A58A7ACB0E4453A44AEC38 /* RNGestureHandler.xcodeproj */,
			);
			name = Libraries;
			sourceTree = "<group>";
		};
		832341B11AAA6A8300B99B32 /* Products */ = {
			isa = PBXGroup;
			children = (
				832341B51AAA6A8300B99B32 /* libRCTText.a */,
				3DAD3E941DF850E9000B6D8A /* libRCTText-tvOS.a */,
			);
			name = Products;
			sourceTree = "<group>";
		};
		83CBB9F61A601CBA00E9B192 = {
			isa = PBXGroup;
			children = (
				7A32C245206D791D001C80E9 /* Crashlytics.framework */,
				7A32C20F206D791D001C80E9 /* Fabric.framework */,
				13B07FAE1A68108700A75B9A /* RocketChatRN */,
				832341AE1AAA6A7D00B99B32 /* Libraries */,
				83CBBA001A601CBA00E9B192 /* Products */,
				BB4B591B5FC44CD9986DB2A6 /* Frameworks */,
				AF5E16F0398347E6A80C8CBE /* Resources */,
				B8E79A681F3CCC69005B464F /* Recovered References */,
				22CA7F59107E0C79C2506C7C /* Pods */,
			);
			indentWidth = 2;
			sourceTree = "<group>";
			tabWidth = 2;
		};
		83CBBA001A601CBA00E9B192 /* Products */ = {
			isa = PBXGroup;
			children = (
				13B07F961A680F5B00A75B9A /* RocketChatRN.app */,
			);
			name = Products;
			sourceTree = "<group>";
		};
		A9A6C941204DD556006B7D9D /* Products */ = {
			isa = PBXGroup;
			children = (
				A9A6C945204DD557006B7D9D /* libRNAudio.a */,
			);
			name = Products;
			sourceTree = "<group>";
		};
		AF5E16F0398347E6A80C8CBE /* Resources */ = {
			isa = PBXGroup;
			children = (
				7A55F1C42236D541005109A0 /* custom.ttf */,
			);
			name = Resources;
			sourceTree = "<group>";
		};
		B810DF8D203B10480010C331 /* Products */ = {
			isa = PBXGroup;
			children = (
				B810DF91203B10490010C331 /* libSafariViewManager.a */,
			);
			name = Products;
			sourceTree = "<group>";
		};
		B88F58371FBF55E200B352B8 /* Products */ = {
			isa = PBXGroup;
			children = (
				B88F58461FBF55E200B352B8 /* libRCTPushNotification.a */,
				B88F58481FBF55E200B352B8 /* libRCTPushNotification-tvOS.a */,
			);
			name = Products;
			sourceTree = "<group>";
		};
		B8971BAD202A091D0000D245 /* Products */ = {
			isa = PBXGroup;
			children = (
				B8971BB1202A091D0000D245 /* libKeyboardTrackingView.a */,
			);
			name = Products;
			sourceTree = "<group>";
		};
		B8E79A681F3CCC69005B464F /* Recovered References */ = {
			isa = PBXGroup;
			children = (
				DF26CC845883492D8AC8869B /* libRealmReact.a */,
				BAAE4B947F5D44959F0A9D5A /* libRNZeroconf.a */,
				6533FB90166345D29F1B91C0 /* libRNFetchBlob.a */,
				5A0EEFAF8AB14F5B9E796CDD /* libRNVectorIcons.a */,
				DA50CE47374C4C35BE6D9D58 /* libRNSVG.a */,
				3B696712EE2345A59F007A88 /* libRNImagePicker.a */,
				20CE3E407E0D4D9E8C9885F2 /* libRCTVideo.a */,
				B2607FA180F14E6584301101 /* libSplashScreen.a */,
				1D3BB00B9ABF44EA9BD71318 /* libSafariViewManager.a */,
				1142E3442BA94B19BCF52814 /* libRNAudio.a */,
				FD2E2837F110483CA29EE0D4 /* libFastImage.a */,
				921481B47B50490CA761932E /* libRNI18n.a */,
				1A34D902CC074FF1BCC7DB48 /* libimageCropPicker.a */,
				58E5009FCA8D40E59303C3DD /* libRNGestureHandler.a */,
			);
			name = "Recovered References";
			sourceTree = "<group>";
		};
		B8E79A8A1F3CCC6C005B464F /* Products */ = {
			isa = PBXGroup;
			children = (
				B8E79A911F3CCC6D005B464F /* libRNVectorIcons.a */,
				7A9B5BC9221F2D0900478E23 /* libRNVectorIcons-tvOS.a */,
			);
			name = Products;
			sourceTree = "<group>";
		};
		BB4B591B5FC44CD9986DB2A6 /* Frameworks */ = {
			isa = PBXGroup;
			children = (
				7ACD4853222860DE00442C55 /* JavaScriptCore.framework */,
				B37C79D9BD0742CE936B6982 /* libc++.tbd */,
				06BB44DD4855498082A744AD /* libz.tbd */,
				C235DC7B31A4D1578EDEF219 /* libPods-RocketChatRN.a */,
			);
			name = Frameworks;
			sourceTree = "<group>";
		};
/* End PBXGroup section */

/* Begin PBXNativeTarget section */
		13B07F861A680F5B00A75B9A /* RocketChatRN */ = {
			isa = PBXNativeTarget;
			buildConfigurationList = 13B07F931A680F5B00A75B9A /* Build configuration list for PBXNativeTarget "RocketChatRN" */;
			buildPhases = (
				FB4AC4FF76ACF097F2431C74 /* [CP] Check Pods Manifest.lock */,
				13B07F871A680F5B00A75B9A /* Sources */,
				13B07F8C1A680F5B00A75B9A /* Frameworks */,
				13B07F8E1A680F5B00A75B9A /* Resources */,
				00DD1BFF1BD5951E006B06BC /* Bundle React Native code and images */,
				7A6EDBE020ED6E020086E097 /* Embed Frameworks */,
				FD0EBB93B02BAD0637E4F286 /* [CP] Copy Pods Resources */,
			);
			buildRules = (
			);
			dependencies = (
			);
			name = RocketChatRN;
			productName = "Hello World";
			productReference = 13B07F961A680F5B00A75B9A /* RocketChatRN.app */;
			productType = "com.apple.product-type.application";
		};
/* End PBXNativeTarget section */

/* Begin PBXProject section */
		83CBB9F71A601CBA00E9B192 /* Project object */ = {
			isa = PBXProject;
			attributes = {
				LastUpgradeCheck = 610;
				ORGANIZATIONNAME = Facebook;
				TargetAttributes = {
					13B07F861A680F5B00A75B9A = {
						DevelopmentTeam = S6UPZG7ZR3;
						ProvisioningStyle = Manual;
						SystemCapabilities = {
							com.apple.Push = {
								enabled = 1;
							};
						};
					};
				};
			};
			buildConfigurationList = 83CBB9FA1A601CBA00E9B192 /* Build configuration list for PBXProject "RocketChatRN" */;
			compatibilityVersion = "Xcode 3.2";
			developmentRegion = English;
			hasScannedForEncodings = 0;
			knownRegions = (
				en,
				Base,
			);
			mainGroup = 83CBB9F61A601CBA00E9B192;
			productRefGroup = 83CBBA001A601CBA00E9B192 /* Products */;
			projectDirPath = "";
			projectReferences = (
				{
					ProductGroup = 7A770EBE20BECDC7001AD51A /* Products */;
					ProjectRef = 1845C223DA364898A8400573 /* FastImage.xcodeproj */;
				},
				{
					ProductGroup = B8971BAD202A091D0000D245 /* Products */;
					ProjectRef = B8971BAC202A091D0000D245 /* KeyboardTrackingView.xcodeproj */;
				},
				{
					ProductGroup = 00C302A81ABCB8CE00DB3ED1 /* Products */;
					ProjectRef = 00C302A71ABCB8CE00DB3ED1 /* RCTActionSheet.xcodeproj */;
				},
				{
					ProductGroup = 5E91572E1DD0AC6500FF2AA8 /* Products */;
					ProjectRef = 5E91572D1DD0AC6500FF2AA8 /* RCTAnimation.xcodeproj */;
				},
				{
					ProductGroup = 7A430E1720238C01008F55BC /* Products */;
					ProjectRef = 7A430E1620238C01008F55BC /* RCTCustomInputController.xcodeproj */;
				},
				{
					ProductGroup = 00C302B61ABCB90400DB3ED1 /* Products */;
					ProjectRef = 00C302B51ABCB90400DB3ED1 /* RCTGeolocation.xcodeproj */;
				},
				{
					ProductGroup = 00C302BC1ABCB91800DB3ED1 /* Products */;
					ProjectRef = 00C302BB1ABCB91800DB3ED1 /* RCTImage.xcodeproj */;
				},
				{
					ProductGroup = 78C398B11ACF4ADC00677621 /* Products */;
					ProjectRef = 78C398B01ACF4ADC00677621 /* RCTLinking.xcodeproj */;
				},
				{
					ProductGroup = 00C302D41ABCB9D200DB3ED1 /* Products */;
					ProjectRef = 00C302D31ABCB9D200DB3ED1 /* RCTNetwork.xcodeproj */;
				},
				{
					ProductGroup = B88F58371FBF55E200B352B8 /* Products */;
					ProjectRef = B88F58361FBF55E200B352B8 /* RCTPushNotification.xcodeproj */;
				},
				{
					ProductGroup = 139105B71AF99BAD00B5F7CC /* Products */;
					ProjectRef = 139105B61AF99BAD00B5F7CC /* RCTSettings.xcodeproj */;
				},
				{
					ProductGroup = 832341B11AAA6A8300B99B32 /* Products */;
					ProjectRef = 832341B01AAA6A8300B99B32 /* RCTText.xcodeproj */;
				},
				{
					ProductGroup = 00C302E01ABCB9EE00DB3ED1 /* Products */;
					ProjectRef = 00C302DF1ABCB9EE00DB3ED1 /* RCTVibration.xcodeproj */;
				},
				{
					ProductGroup = 7A7F5C831FCC982500024129 /* Products */;
					ProjectRef = AD0379F2BCE84C968538CDAF /* RCTVideo.xcodeproj */;
				},
				{
					ProductGroup = 139FDEE71B06529A00C62182 /* Products */;
					ProjectRef = 139FDEE61B06529A00C62182 /* RCTWebSocket.xcodeproj */;
				},
				{
					ProductGroup = 146834001AC3E56700842450 /* Products */;
					ProjectRef = 146833FF1AC3E56700842450 /* React.xcodeproj */;
				},
				{
					ProductGroup = 607D60ED1F325B7D00F639C4 /* Products */;
					ProjectRef = 5A8684E7C27E426C9206E980 /* RealmReact.xcodeproj */;
				},
				{
					ProductGroup = A9A6C941204DD556006B7D9D /* Products */;
					ProjectRef = C21010507E5B4B37BA0E4C9D /* RNAudio.xcodeproj */;
				},
				{
					ProductGroup = 7A8C912120F39A8000C8F5EE /* Products */;
					ProjectRef = 0B82BCC462E84F308C5B5CD1 /* RNFetchBlob.xcodeproj */;
				},
				{
					ProductGroup = 7AD44CF121518C610099D147 /* Products */;
					ProjectRef = B1A58A7ACB0E4453A44AEC38 /* RNGestureHandler.xcodeproj */;
				},
				{
					ProductGroup = 7A770EBC20BECDC7001AD51A /* Products */;
					ProjectRef = 22D3971EAF2E4660B4FAB3DD /* RNI18n.xcodeproj */;
				},
				{
					ProductGroup = 7A8DEB1C20ED0BDE00C5DCE4 /* Products */;
					ProjectRef = 7A8DEB1B20ED0BDE00C5DCE4 /* RNNotifications.xcodeproj */;
				},
				{
					ProductGroup = B8E79A8A1F3CCC6C005B464F /* Products */;
					ProjectRef = 22A8B76C8EBA443BB97CE82D /* RNVectorIcons.xcodeproj */;
				},
				{
					ProductGroup = B810DF8D203B10480010C331 /* Products */;
					ProjectRef = 4019A5E1911B4C61944FBCEC /* SafariViewManager.xcodeproj */;
				},
				{
					ProductGroup = 7A2D1FE720726EF600D0AA04 /* Products */;
					ProjectRef = 7A2D1FE620726EF600D0AA04 /* SMXCrashlytics.xcodeproj */;
				},
			);
			projectRoot = "";
			targets = (
				13B07F861A680F5B00A75B9A /* RocketChatRN */,
			);
		};
/* End PBXProject section */

/* Begin PBXReferenceProxy section */
		00C302AC1ABCB8CE00DB3ED1 /* libRCTActionSheet.a */ = {
			isa = PBXReferenceProxy;
			fileType = archive.ar;
			path = libRCTActionSheet.a;
			remoteRef = 00C302AB1ABCB8CE00DB3ED1 /* PBXContainerItemProxy */;
			sourceTree = BUILT_PRODUCTS_DIR;
		};
		00C302BA1ABCB90400DB3ED1 /* libRCTGeolocation.a */ = {
			isa = PBXReferenceProxy;
			fileType = archive.ar;
			path = libRCTGeolocation.a;
			remoteRef = 00C302B91ABCB90400DB3ED1 /* PBXContainerItemProxy */;
			sourceTree = BUILT_PRODUCTS_DIR;
		};
		00C302C01ABCB91800DB3ED1 /* libRCTImage.a */ = {
			isa = PBXReferenceProxy;
			fileType = archive.ar;
			path = libRCTImage.a;
			remoteRef = 00C302BF1ABCB91800DB3ED1 /* PBXContainerItemProxy */;
			sourceTree = BUILT_PRODUCTS_DIR;
		};
		00C302DC1ABCB9D200DB3ED1 /* libRCTNetwork.a */ = {
			isa = PBXReferenceProxy;
			fileType = archive.ar;
			path = libRCTNetwork.a;
			remoteRef = 00C302DB1ABCB9D200DB3ED1 /* PBXContainerItemProxy */;
			sourceTree = BUILT_PRODUCTS_DIR;
		};
		00C302E41ABCB9EE00DB3ED1 /* libRCTVibration.a */ = {
			isa = PBXReferenceProxy;
			fileType = archive.ar;
			path = libRCTVibration.a;
			remoteRef = 00C302E31ABCB9EE00DB3ED1 /* PBXContainerItemProxy */;
			sourceTree = BUILT_PRODUCTS_DIR;
		};
		139105C11AF99BAD00B5F7CC /* libRCTSettings.a */ = {
			isa = PBXReferenceProxy;
			fileType = archive.ar;
			path = libRCTSettings.a;
			remoteRef = 139105C01AF99BAD00B5F7CC /* PBXContainerItemProxy */;
			sourceTree = BUILT_PRODUCTS_DIR;
		};
		139FDEF41B06529B00C62182 /* libRCTWebSocket.a */ = {
			isa = PBXReferenceProxy;
			fileType = archive.ar;
			path = libRCTWebSocket.a;
			remoteRef = 139FDEF31B06529B00C62182 /* PBXContainerItemProxy */;
			sourceTree = BUILT_PRODUCTS_DIR;
		};
		146834041AC3E56700842450 /* libReact.a */ = {
			isa = PBXReferenceProxy;
			fileType = archive.ar;
			path = libReact.a;
			remoteRef = 146834031AC3E56700842450 /* PBXContainerItemProxy */;
			sourceTree = BUILT_PRODUCTS_DIR;
		};
		3DAD3E841DF850E9000B6D8A /* libRCTImage-tvOS.a */ = {
			isa = PBXReferenceProxy;
			fileType = archive.ar;
			path = "libRCTImage-tvOS.a";
			remoteRef = 3DAD3E831DF850E9000B6D8A /* PBXContainerItemProxy */;
			sourceTree = BUILT_PRODUCTS_DIR;
		};
		3DAD3E881DF850E9000B6D8A /* libRCTLinking-tvOS.a */ = {
			isa = PBXReferenceProxy;
			fileType = archive.ar;
			path = "libRCTLinking-tvOS.a";
			remoteRef = 3DAD3E871DF850E9000B6D8A /* PBXContainerItemProxy */;
			sourceTree = BUILT_PRODUCTS_DIR;
		};
		3DAD3E8C1DF850E9000B6D8A /* libRCTNetwork-tvOS.a */ = {
			isa = PBXReferenceProxy;
			fileType = archive.ar;
			path = "libRCTNetwork-tvOS.a";
			remoteRef = 3DAD3E8B1DF850E9000B6D8A /* PBXContainerItemProxy */;
			sourceTree = BUILT_PRODUCTS_DIR;
		};
		3DAD3E901DF850E9000B6D8A /* libRCTSettings-tvOS.a */ = {
			isa = PBXReferenceProxy;
			fileType = archive.ar;
			path = "libRCTSettings-tvOS.a";
			remoteRef = 3DAD3E8F1DF850E9000B6D8A /* PBXContainerItemProxy */;
			sourceTree = BUILT_PRODUCTS_DIR;
		};
		3DAD3E941DF850E9000B6D8A /* libRCTText-tvOS.a */ = {
			isa = PBXReferenceProxy;
			fileType = archive.ar;
			path = "libRCTText-tvOS.a";
			remoteRef = 3DAD3E931DF850E9000B6D8A /* PBXContainerItemProxy */;
			sourceTree = BUILT_PRODUCTS_DIR;
		};
		3DAD3E991DF850E9000B6D8A /* libRCTWebSocket-tvOS.a */ = {
			isa = PBXReferenceProxy;
			fileType = archive.ar;
			path = "libRCTWebSocket-tvOS.a";
			remoteRef = 3DAD3E981DF850E9000B6D8A /* PBXContainerItemProxy */;
			sourceTree = BUILT_PRODUCTS_DIR;
		};
		3DAD3EA31DF850E9000B6D8A /* libReact.a */ = {
			isa = PBXReferenceProxy;
			fileType = archive.ar;
			path = libReact.a;
			remoteRef = 3DAD3EA21DF850E9000B6D8A /* PBXContainerItemProxy */;
			sourceTree = BUILT_PRODUCTS_DIR;
		};
		3DAD3EA51DF850E9000B6D8A /* libyoga.a */ = {
			isa = PBXReferenceProxy;
			fileType = archive.ar;
			path = libyoga.a;
			remoteRef = 3DAD3EA41DF850E9000B6D8A /* PBXContainerItemProxy */;
			sourceTree = BUILT_PRODUCTS_DIR;
		};
		3DAD3EA71DF850E9000B6D8A /* libyoga.a */ = {
			isa = PBXReferenceProxy;
			fileType = archive.ar;
			path = libyoga.a;
			remoteRef = 3DAD3EA61DF850E9000B6D8A /* PBXContainerItemProxy */;
			sourceTree = BUILT_PRODUCTS_DIR;
		};
		3DAD3EA91DF850E9000B6D8A /* libcxxreact.a */ = {
			isa = PBXReferenceProxy;
			fileType = archive.ar;
			path = libcxxreact.a;
			remoteRef = 3DAD3EA81DF850E9000B6D8A /* PBXContainerItemProxy */;
			sourceTree = BUILT_PRODUCTS_DIR;
		};
		3DAD3EAB1DF850E9000B6D8A /* libcxxreact.a */ = {
			isa = PBXReferenceProxy;
			fileType = archive.ar;
			path = libcxxreact.a;
			remoteRef = 3DAD3EAA1DF850E9000B6D8A /* PBXContainerItemProxy */;
			sourceTree = BUILT_PRODUCTS_DIR;
		};
		5E9157331DD0AC6500FF2AA8 /* libRCTAnimation.a */ = {
			isa = PBXReferenceProxy;
			fileType = archive.ar;
			path = libRCTAnimation.a;
			remoteRef = 5E9157321DD0AC6500FF2AA8 /* PBXContainerItemProxy */;
			sourceTree = BUILT_PRODUCTS_DIR;
		};
		5E9157351DD0AC6500FF2AA8 /* libRCTAnimation.a */ = {
			isa = PBXReferenceProxy;
			fileType = archive.ar;
			path = libRCTAnimation.a;
			remoteRef = 5E9157341DD0AC6500FF2AA8 /* PBXContainerItemProxy */;
			sourceTree = BUILT_PRODUCTS_DIR;
		};
		607D610D1F325B7E00F639C4 /* libthird-party.a */ = {
			isa = PBXReferenceProxy;
			fileType = archive.ar;
			path = "libthird-party.a";
			remoteRef = 607D610C1F325B7E00F639C4 /* PBXContainerItemProxy */;
			sourceTree = BUILT_PRODUCTS_DIR;
		};
		607D610F1F325B7E00F639C4 /* libthird-party.a */ = {
			isa = PBXReferenceProxy;
			fileType = archive.ar;
			path = "libthird-party.a";
			remoteRef = 607D610E1F325B7E00F639C4 /* PBXContainerItemProxy */;
			sourceTree = BUILT_PRODUCTS_DIR;
		};
		607D61111F325B7E00F639C4 /* libdouble-conversion.a */ = {
			isa = PBXReferenceProxy;
			fileType = archive.ar;
			path = "libdouble-conversion.a";
			remoteRef = 607D61101F325B7E00F639C4 /* PBXContainerItemProxy */;
			sourceTree = BUILT_PRODUCTS_DIR;
		};
		607D61131F325B7E00F639C4 /* libdouble-conversion.a */ = {
			isa = PBXReferenceProxy;
			fileType = archive.ar;
			path = "libdouble-conversion.a";
			remoteRef = 607D61121F325B7E00F639C4 /* PBXContainerItemProxy */;
			sourceTree = BUILT_PRODUCTS_DIR;
		};
		607D61161F325B7E00F639C4 /* libRealmReact.a */ = {
			isa = PBXReferenceProxy;
			fileType = archive.ar;
			path = libRealmReact.a;
			remoteRef = 607D61151F325B7E00F639C4 /* PBXContainerItemProxy */;
			sourceTree = BUILT_PRODUCTS_DIR;
		};
		78C398B91ACF4ADC00677621 /* libRCTLinking.a */ = {
			isa = PBXReferenceProxy;
			fileType = archive.ar;
			path = libRCTLinking.a;
			remoteRef = 78C398B81ACF4ADC00677621 /* PBXContainerItemProxy */;
			sourceTree = BUILT_PRODUCTS_DIR;
		};
		7A2D201F20726EF600D0AA04 /* libSMXCrashlytics.a */ = {
			isa = PBXReferenceProxy;
			fileType = archive.ar;
			path = libSMXCrashlytics.a;
			remoteRef = 7A2D201E20726EF600D0AA04 /* PBXContainerItemProxy */;
			sourceTree = BUILT_PRODUCTS_DIR;
		};
		7A2D202120726EF600D0AA04 /* libSMXCrashlytics.a */ = {
			isa = PBXReferenceProxy;
			fileType = archive.ar;
			path = libSMXCrashlytics.a;
			remoteRef = 7A2D202020726EF600D0AA04 /* PBXContainerItemProxy */;
			sourceTree = BUILT_PRODUCTS_DIR;
		};
		7A430E1E20238C02008F55BC /* libRCTCustomInputController.a */ = {
			isa = PBXReferenceProxy;
			fileType = archive.ar;
			path = libRCTCustomInputController.a;
			remoteRef = 7A430E1D20238C02008F55BC /* PBXContainerItemProxy */;
			sourceTree = BUILT_PRODUCTS_DIR;
		};
		7A770EC220BECDC7001AD51A /* libFastImage.a */ = {
			isa = PBXReferenceProxy;
			fileType = archive.ar;
			path = libFastImage.a;
			remoteRef = 7A770EC120BECDC7001AD51A /* PBXContainerItemProxy */;
			sourceTree = BUILT_PRODUCTS_DIR;
		};
		7A770EC620BECDC7001AD51A /* libRNI18n.a */ = {
			isa = PBXReferenceProxy;
			fileType = archive.ar;
			path = libRNI18n.a;
			remoteRef = 7A770EC520BECDC7001AD51A /* PBXContainerItemProxy */;
			sourceTree = BUILT_PRODUCTS_DIR;
		};
		7A770EC820BECDC7001AD51A /* libRNI18n-tvOS.a */ = {
			isa = PBXReferenceProxy;
			fileType = archive.ar;
			path = "libRNI18n-tvOS.a";
			remoteRef = 7A770EC720BECDC7001AD51A /* PBXContainerItemProxy */;
			sourceTree = BUILT_PRODUCTS_DIR;
		};
		7A7F5C991FCC982500024129 /* libRCTVideo.a */ = {
			isa = PBXReferenceProxy;
			fileType = archive.ar;
			path = libRCTVideo.a;
			remoteRef = 7A7F5C981FCC982500024129 /* PBXContainerItemProxy */;
			sourceTree = BUILT_PRODUCTS_DIR;
		};
		7A7F5C9B1FCC982500024129 /* libRCTVideo.a */ = {
			isa = PBXReferenceProxy;
			fileType = archive.ar;
			path = libRCTVideo.a;
			remoteRef = 7A7F5C9A1FCC982500024129 /* PBXContainerItemProxy */;
			sourceTree = BUILT_PRODUCTS_DIR;
		};
		7A8C915320F39A8000C8F5EE /* libRNFetchBlob.a */ = {
			isa = PBXReferenceProxy;
			fileType = archive.ar;
			path = libRNFetchBlob.a;
			remoteRef = 7A8C915220F39A8000C8F5EE /* PBXContainerItemProxy */;
			sourceTree = BUILT_PRODUCTS_DIR;
		};
		7A8DEB5220ED0BDE00C5DCE4 /* libRNNotifications.a */ = {
			isa = PBXReferenceProxy;
			fileType = archive.ar;
			path = libRNNotifications.a;
			remoteRef = 7A8DEB5120ED0BDE00C5DCE4 /* PBXContainerItemProxy */;
			sourceTree = BUILT_PRODUCTS_DIR;
		};
		7A9B5BC9221F2D0900478E23 /* libRNVectorIcons-tvOS.a */ = {
			isa = PBXReferenceProxy;
			fileType = archive.ar;
			path = "libRNVectorIcons-tvOS.a";
			remoteRef = 7A9B5BC8221F2D0900478E23 /* PBXContainerItemProxy */;
			sourceTree = BUILT_PRODUCTS_DIR;
		};
		7AA7B71C2229AE520039764A /* libRNGestureHandler-tvOS.a */ = {
			isa = PBXReferenceProxy;
			fileType = archive.ar;
			path = "libRNGestureHandler-tvOS.a";
			remoteRef = 7AA7B71B2229AE520039764A /* PBXContainerItemProxy */;
			sourceTree = BUILT_PRODUCTS_DIR;
		};
		7ACD4880222860DE00442C55 /* libjsi.a */ = {
			isa = PBXReferenceProxy;
			fileType = archive.ar;
			path = libjsi.a;
			remoteRef = 7ACD487F222860DE00442C55 /* PBXContainerItemProxy */;
			sourceTree = BUILT_PRODUCTS_DIR;
		};
		7ACD4882222860DE00442C55 /* libjsiexecutor.a */ = {
			isa = PBXReferenceProxy;
			fileType = archive.ar;
			path = libjsiexecutor.a;
			remoteRef = 7ACD4881222860DE00442C55 /* PBXContainerItemProxy */;
			sourceTree = BUILT_PRODUCTS_DIR;
		};
		7ACD4884222860DE00442C55 /* libjsi-tvOS.a */ = {
			isa = PBXReferenceProxy;
			fileType = archive.ar;
			path = "libjsi-tvOS.a";
			remoteRef = 7ACD4883222860DE00442C55 /* PBXContainerItemProxy */;
			sourceTree = BUILT_PRODUCTS_DIR;
		};
		7ACD4886222860DE00442C55 /* libjsiexecutor-tvOS.a */ = {
			isa = PBXReferenceProxy;
			fileType = archive.ar;
			path = "libjsiexecutor-tvOS.a";
			remoteRef = 7ACD4885222860DE00442C55 /* PBXContainerItemProxy */;
			sourceTree = BUILT_PRODUCTS_DIR;
		};
		7AD44CF521518C610099D147 /* libRNGestureHandler.a */ = {
			isa = PBXReferenceProxy;
			fileType = archive.ar;
			path = libRNGestureHandler.a;
			remoteRef = 7AD44CF421518C610099D147 /* PBXContainerItemProxy */;
			sourceTree = BUILT_PRODUCTS_DIR;
		};
		832341B51AAA6A8300B99B32 /* libRCTText.a */ = {
			isa = PBXReferenceProxy;
			fileType = archive.ar;
			path = libRCTText.a;
			remoteRef = 832341B41AAA6A8300B99B32 /* PBXContainerItemProxy */;
			sourceTree = BUILT_PRODUCTS_DIR;
		};
		A9A6C935204DD556006B7D9D /* libjsinspector.a */ = {
			isa = PBXReferenceProxy;
			fileType = archive.ar;
			path = libjsinspector.a;
			remoteRef = A9A6C934204DD556006B7D9D /* PBXContainerItemProxy */;
			sourceTree = BUILT_PRODUCTS_DIR;
		};
		A9A6C937204DD556006B7D9D /* libjsinspector-tvOS.a */ = {
			isa = PBXReferenceProxy;
			fileType = archive.ar;
			path = "libjsinspector-tvOS.a";
			remoteRef = A9A6C936204DD556006B7D9D /* PBXContainerItemProxy */;
			sourceTree = BUILT_PRODUCTS_DIR;
		};
		A9A6C945204DD557006B7D9D /* libRNAudio.a */ = {
			isa = PBXReferenceProxy;
			fileType = archive.ar;
			path = libRNAudio.a;
			remoteRef = A9A6C944204DD557006B7D9D /* PBXContainerItemProxy */;
			sourceTree = BUILT_PRODUCTS_DIR;
		};
		B810DF91203B10490010C331 /* libSafariViewManager.a */ = {
			isa = PBXReferenceProxy;
			fileType = archive.ar;
			path = libSafariViewManager.a;
			remoteRef = B810DF90203B10490010C331 /* PBXContainerItemProxy */;
			sourceTree = BUILT_PRODUCTS_DIR;
		};
		B88F58461FBF55E200B352B8 /* libRCTPushNotification.a */ = {
			isa = PBXReferenceProxy;
			fileType = archive.ar;
			path = libRCTPushNotification.a;
			remoteRef = B88F58451FBF55E200B352B8 /* PBXContainerItemProxy */;
			sourceTree = BUILT_PRODUCTS_DIR;
		};
		B88F58481FBF55E200B352B8 /* libRCTPushNotification-tvOS.a */ = {
			isa = PBXReferenceProxy;
			fileType = archive.ar;
			path = "libRCTPushNotification-tvOS.a";
			remoteRef = B88F58471FBF55E200B352B8 /* PBXContainerItemProxy */;
			sourceTree = BUILT_PRODUCTS_DIR;
		};
		B88F58531FBF55E200B352B8 /* libfishhook.a */ = {
			isa = PBXReferenceProxy;
			fileType = archive.ar;
			path = libfishhook.a;
			remoteRef = B88F58521FBF55E200B352B8 /* PBXContainerItemProxy */;
			sourceTree = BUILT_PRODUCTS_DIR;
		};
		B88F58551FBF55E200B352B8 /* libfishhook-tvOS.a */ = {
			isa = PBXReferenceProxy;
			fileType = archive.ar;
			path = "libfishhook-tvOS.a";
			remoteRef = B88F58541FBF55E200B352B8 /* PBXContainerItemProxy */;
			sourceTree = BUILT_PRODUCTS_DIR;
		};
		B8971BB1202A091D0000D245 /* libKeyboardTrackingView.a */ = {
			isa = PBXReferenceProxy;
			fileType = archive.ar;
			path = libKeyboardTrackingView.a;
			remoteRef = B8971BB0202A091D0000D245 /* PBXContainerItemProxy */;
			sourceTree = BUILT_PRODUCTS_DIR;
		};
		B8E79A911F3CCC6D005B464F /* libRNVectorIcons.a */ = {
			isa = PBXReferenceProxy;
			fileType = archive.ar;
			path = libRNVectorIcons.a;
			remoteRef = B8E79A901F3CCC6D005B464F /* PBXContainerItemProxy */;
			sourceTree = BUILT_PRODUCTS_DIR;
		};
/* End PBXReferenceProxy section */

/* Begin PBXResourcesBuildPhase section */
		13B07F8E1A680F5B00A75B9A /* Resources */ = {
			isa = PBXResourcesBuildPhase;
			buildActionMask = 2147483647;
			files = (
				7A309C9C20724870000C6B13 /* Fabric.sh in Resources */,
				7A55F1C52236D541005109A0 /* custom.ttf in Resources */,
				13B07FBF1A68108700A75B9A /* Images.xcassets in Resources */,
			);
			runOnlyForDeploymentPostprocessing = 0;
		};
/* End PBXResourcesBuildPhase section */

/* Begin PBXShellScriptBuildPhase section */
		00DD1BFF1BD5951E006B06BC /* Bundle React Native code and images */ = {
			isa = PBXShellScriptBuildPhase;
			buildActionMask = 12;
			files = (
			);
			inputPaths = (
			);
			name = "Bundle React Native code and images";
			outputPaths = (
			);
			runOnlyForDeploymentPostprocessing = 0;
			shellPath = /bin/sh;
			shellScript = "export NODE_BINARY=node\n../node_modules/react-native/scripts/react-native-xcode.sh\n/bin/sh \"${PROJECT_DIR}/RocketChatRN/Fabric.sh\"\n";
		};
		FB4AC4FF76ACF097F2431C74 /* [CP] Check Pods Manifest.lock */ = {
			isa = PBXShellScriptBuildPhase;
			buildActionMask = 2147483647;
			files = (
			);
			inputPaths = (
				"${PODS_PODFILE_DIR_PATH}/Podfile.lock",
				"${PODS_ROOT}/Manifest.lock",
			);
			name = "[CP] Check Pods Manifest.lock";
			outputPaths = (
				"$(DERIVED_FILE_DIR)/Pods-RocketChatRN-checkManifestLockResult.txt",
			);
			runOnlyForDeploymentPostprocessing = 0;
			shellPath = /bin/sh;
			shellScript = "diff \"${PODS_PODFILE_DIR_PATH}/Podfile.lock\" \"${PODS_ROOT}/Manifest.lock\" > /dev/null\nif [ $? != 0 ] ; then\n    # print error to STDERR\n    echo \"error: The sandbox is not in sync with the Podfile.lock. Run 'pod install' or update your CocoaPods installation.\" >&2\n    exit 1\nfi\n# This output is used by Xcode 'outputs' to avoid re-running this script phase.\necho \"SUCCESS\" > \"${SCRIPT_OUTPUT_FILE_0}\"\n";
			showEnvVarsInLog = 0;
		};
		FD0EBB93B02BAD0637E4F286 /* [CP] Copy Pods Resources */ = {
			isa = PBXShellScriptBuildPhase;
			buildActionMask = 2147483647;
			files = (
			);
			inputPaths = (
				"${PODS_ROOT}/Target Support Files/Pods-RocketChatRN/Pods-RocketChatRN-resources.sh",
				"${PODS_CONFIGURATION_BUILD_DIR}/QBImagePickerController/QBImagePicker.bundle",
				"${PODS_ROOT}/RSKImageCropper/RSKImageCropper/RSKImageCropperStrings.bundle",
			);
			name = "[CP] Copy Pods Resources";
			outputPaths = (
				"${TARGET_BUILD_DIR}/${UNLOCALIZED_RESOURCES_FOLDER_PATH}/QBImagePicker.bundle",
				"${TARGET_BUILD_DIR}/${UNLOCALIZED_RESOURCES_FOLDER_PATH}/RSKImageCropperStrings.bundle",
			);
			runOnlyForDeploymentPostprocessing = 0;
			shellPath = /bin/sh;
			shellScript = "\"${PODS_ROOT}/Target Support Files/Pods-RocketChatRN/Pods-RocketChatRN-resources.sh\"\n";
			showEnvVarsInLog = 0;
		};
/* End PBXShellScriptBuildPhase section */

/* Begin PBXSourcesBuildPhase section */
		13B07F871A680F5B00A75B9A /* Sources */ = {
			isa = PBXSourcesBuildPhase;
			buildActionMask = 2147483647;
			files = (
				13B07FBC1A68108700A75B9A /* AppDelegate.m in Sources */,
				13B07FC11A68108700A75B9A /* main.m in Sources */,
			);
			runOnlyForDeploymentPostprocessing = 0;
		};
/* End PBXSourcesBuildPhase section */

/* Begin XCBuildConfiguration section */
		13B07F941A680F5B00A75B9A /* Debug */ = {
			isa = XCBuildConfiguration;
			baseConfigurationReference = ACD75701AFD1CB848CAB0CB3 /* Pods-RocketChatRN.debug.xcconfig */;
			buildSettings = {
				ASSETCATALOG_COMPILER_APPICON_NAME = AppIcon;
				ASSETCATALOG_COMPILER_LAUNCHIMAGE_NAME = LaunchImage;
				CODE_SIGN_ENTITLEMENTS = RocketChatRN/RocketChatRN.entitlements;
				CODE_SIGN_IDENTITY = "iPhone Developer";
				"CODE_SIGN_IDENTITY[sdk=iphoneos*]" = "iPhone Developer";
				CODE_SIGN_STYLE = Manual;
				CURRENT_PROJECT_VERSION = 100;
				DEAD_CODE_STRIPPING = NO;
				DEVELOPMENT_TEAM = S6UPZG7ZR3;
				FRAMEWORK_SEARCH_PATHS = (
					"$(inherited)",
					"$(PROJECT_DIR)",
				);
				HEADER_SEARCH_PATHS = (
					"$(inherited)",
					"$(SRCROOT)/../node_modules/realm/src/**",
					"$(SRCROOT)/../node_modules/react-native-vector-icons/RNVectorIconsManager",
					"$(SRCROOT)/../node_modules/react-native-autogrow-textinput/ios",
					"$(SRCROOT)/../node_modules/react-native/Libraries/PushNotificationIOS/RCTPushNotification.xcodeproj/**",
					"$(SRCROOT)/../node_modules/react-native-video/ios",
					"$(SRCROOT)/../node_modules/react-native-safari-view",
					"$(SRCROOT)/../node_modules/react-native-audio/ios",
					"$(SRCROOT)/../../../react-native/React/**",
					"$(SRCROOT)/../node_modules/react-native-fast-image/ios/FastImage/**",
					"$(SRCROOT)/../node_modules/react-native-i18n/ios",
					"$(SRCROOT)/../node_modules/react-native-notifications/RNNotifications",
					"$(SRCROOT)/../node_modules/rn-fetch-blob/ios/**",
					"$(SRCROOT)/../node_modules/react-native-gesture-handler/ios/**",
				);
				INFOPLIST_FILE = RocketChatRN/Info.plist;
				LD_RUNPATH_SEARCH_PATHS = "$(inherited) @executable_path/Frameworks";
				OTHER_LDFLAGS = (
					"$(inherited)",
					"-ObjC",
					"-lc++",
				);
				PRODUCT_BUNDLE_IDENTIFIER = chat.rocket.reactnative;
				PRODUCT_NAME = RocketChatRN;
				PROVISIONING_PROFILE_SPECIFIER = "match Development chat.rocket.reactnative";
				VERSIONING_SYSTEM = "apple-generic";
			};
			name = Debug;
		};
		13B07F951A680F5B00A75B9A /* Release */ = {
			isa = XCBuildConfiguration;
			baseConfigurationReference = 66D6B1D0567051BE541450C9 /* Pods-RocketChatRN.release.xcconfig */;
			buildSettings = {
				ASSETCATALOG_COMPILER_APPICON_NAME = AppIcon;
				ASSETCATALOG_COMPILER_LAUNCHIMAGE_NAME = LaunchImage;
				CODE_SIGN_ENTITLEMENTS = RocketChatRN/RocketChatRN.entitlements;
				CODE_SIGN_IDENTITY = "iPhone Developer";
				"CODE_SIGN_IDENTITY[sdk=iphoneos*]" = "iPhone Distribution";
				CODE_SIGN_STYLE = Manual;
				CURRENT_PROJECT_VERSION = 100;
				DEVELOPMENT_TEAM = S6UPZG7ZR3;
				FRAMEWORK_SEARCH_PATHS = (
					"$(inherited)",
					"$(PROJECT_DIR)",
				);
				HEADER_SEARCH_PATHS = (
					"$(inherited)",
					"$(SRCROOT)/../node_modules/realm/src/**",
					"$(SRCROOT)/../node_modules/react-native-vector-icons/RNVectorIconsManager",
					"$(SRCROOT)/../node_modules/react-native-autogrow-textinput/ios",
					"$(SRCROOT)/../node_modules/react-native/Libraries/PushNotificationIOS/RCTPushNotification.xcodeproj/**",
					"$(SRCROOT)/../node_modules/react-native-video/ios",
					"$(SRCROOT)/../node_modules/react-native-safari-view",
					"$(SRCROOT)/../node_modules/react-native-audio/ios",
					"$(SRCROOT)/../../../react-native/React/**",
					"$(SRCROOT)/../node_modules/react-native-fast-image/ios/FastImage/**",
					"$(SRCROOT)/../node_modules/react-native-i18n/ios",
					"$(SRCROOT)/../node_modules/react-native-notifications/RNNotifications",
					"$(SRCROOT)/../node_modules/rn-fetch-blob/ios/**",
					"$(SRCROOT)/../node_modules/react-native-gesture-handler/ios/**",
				);
				INFOPLIST_FILE = RocketChatRN/Info.plist;
				LD_RUNPATH_SEARCH_PATHS = "$(inherited) @executable_path/Frameworks";
				OTHER_LDFLAGS = (
					"$(inherited)",
					"-ObjC",
					"-lc++",
				);
				PRODUCT_BUNDLE_IDENTIFIER = chat.rocket.reactnative;
				PRODUCT_NAME = RocketChatRN;
				PROVISIONING_PROFILE_SPECIFIER = "match AppStore chat.rocket.reactnative 1552925104";
				VERSIONING_SYSTEM = "apple-generic";
			};
			name = Release;
		};
		83CBBA201A601CBA00E9B192 /* Debug */ = {
			isa = XCBuildConfiguration;
			buildSettings = {
				ALWAYS_SEARCH_USER_PATHS = NO;
				CLANG_CXX_LANGUAGE_STANDARD = "gnu++0x";
				CLANG_CXX_LIBRARY = "libc++";
				CLANG_ENABLE_MODULES = YES;
				CLANG_ENABLE_OBJC_ARC = YES;
				CLANG_WARN_BOOL_CONVERSION = YES;
				CLANG_WARN_CONSTANT_CONVERSION = YES;
				CLANG_WARN_DIRECT_OBJC_ISA_USAGE = YES_ERROR;
				CLANG_WARN_EMPTY_BODY = YES;
				CLANG_WARN_ENUM_CONVERSION = YES;
				CLANG_WARN_INT_CONVERSION = YES;
				CLANG_WARN_OBJC_ROOT_CLASS = YES_ERROR;
				CLANG_WARN_UNREACHABLE_CODE = YES;
				CLANG_WARN__DUPLICATE_METHOD_MATCH = YES;
				"CODE_SIGN_IDENTITY[sdk=iphoneos*]" = "iPhone Developer";
				COPY_PHASE_STRIP = NO;
				ENABLE_STRICT_OBJC_MSGSEND = YES;
				GCC_C_LANGUAGE_STANDARD = gnu99;
				GCC_DYNAMIC_NO_PIC = NO;
				GCC_OPTIMIZATION_LEVEL = 0;
				GCC_PREPROCESSOR_DEFINITIONS = (
					"DEBUG=1",
					"$(inherited)",
				);
				GCC_SYMBOLS_PRIVATE_EXTERN = NO;
				GCC_WARN_64_TO_32_BIT_CONVERSION = YES;
				GCC_WARN_ABOUT_RETURN_TYPE = YES_ERROR;
				GCC_WARN_UNDECLARED_SELECTOR = YES;
				GCC_WARN_UNINITIALIZED_AUTOS = YES_AGGRESSIVE;
				GCC_WARN_UNUSED_FUNCTION = YES;
				GCC_WARN_UNUSED_VARIABLE = YES;
				IPHONEOS_DEPLOYMENT_TARGET = 8.0;
				MTL_ENABLE_DEBUG_INFO = YES;
				ONLY_ACTIVE_ARCH = YES;
				SDKROOT = iphoneos;
			};
			name = Debug;
		};
		83CBBA211A601CBA00E9B192 /* Release */ = {
			isa = XCBuildConfiguration;
			buildSettings = {
				ALWAYS_SEARCH_USER_PATHS = NO;
				CLANG_CXX_LANGUAGE_STANDARD = "gnu++0x";
				CLANG_CXX_LIBRARY = "libc++";
				CLANG_ENABLE_MODULES = YES;
				CLANG_ENABLE_OBJC_ARC = YES;
				CLANG_WARN_BOOL_CONVERSION = YES;
				CLANG_WARN_CONSTANT_CONVERSION = YES;
				CLANG_WARN_DIRECT_OBJC_ISA_USAGE = YES_ERROR;
				CLANG_WARN_EMPTY_BODY = YES;
				CLANG_WARN_ENUM_CONVERSION = YES;
				CLANG_WARN_INT_CONVERSION = YES;
				CLANG_WARN_OBJC_ROOT_CLASS = YES_ERROR;
				CLANG_WARN_UNREACHABLE_CODE = YES;
				CLANG_WARN__DUPLICATE_METHOD_MATCH = YES;
				"CODE_SIGN_IDENTITY[sdk=iphoneos*]" = "iPhone Developer";
				COPY_PHASE_STRIP = YES;
				ENABLE_NS_ASSERTIONS = NO;
				ENABLE_STRICT_OBJC_MSGSEND = YES;
				GCC_C_LANGUAGE_STANDARD = gnu99;
				GCC_WARN_64_TO_32_BIT_CONVERSION = YES;
				GCC_WARN_ABOUT_RETURN_TYPE = YES_ERROR;
				GCC_WARN_UNDECLARED_SELECTOR = YES;
				GCC_WARN_UNINITIALIZED_AUTOS = YES_AGGRESSIVE;
				GCC_WARN_UNUSED_FUNCTION = YES;
				GCC_WARN_UNUSED_VARIABLE = YES;
				IPHONEOS_DEPLOYMENT_TARGET = 8.0;
				MTL_ENABLE_DEBUG_INFO = NO;
				SDKROOT = iphoneos;
				VALIDATE_PRODUCT = YES;
			};
			name = Release;
		};
/* End XCBuildConfiguration section */

/* Begin XCConfigurationList section */
		13B07F931A680F5B00A75B9A /* Build configuration list for PBXNativeTarget "RocketChatRN" */ = {
			isa = XCConfigurationList;
			buildConfigurations = (
				13B07F941A680F5B00A75B9A /* Debug */,
				13B07F951A680F5B00A75B9A /* Release */,
			);
			defaultConfigurationIsVisible = 0;
			defaultConfigurationName = Release;
		};
		83CBB9FA1A601CBA00E9B192 /* Build configuration list for PBXProject "RocketChatRN" */ = {
			isa = XCConfigurationList;
			buildConfigurations = (
				83CBBA201A601CBA00E9B192 /* Debug */,
				83CBBA211A601CBA00E9B192 /* Release */,
			);
			defaultConfigurationIsVisible = 0;
			defaultConfigurationName = Release;
		};
/* End XCConfigurationList section */
	};
	rootObject = 83CBB9F71A601CBA00E9B192 /* Project object */;
}
