PODS:
  - boost-for-react-native (1.63.0)
  - BugsnagReactNative (7.10.5):
    - React-Core
  - CocoaAsyncSocket (7.6.5)
  - DoubleConversion (1.1.6)
  - EXAppleAuthentication (3.2.1):
    - UMCore
  - EXAV (9.2.3):
    - ExpoModulesCore
    - UMCore
  - EXConstants (11.0.2):
    - ExpoModulesCore
    - UMCore
  - EXFileSystem (11.1.3):
    - ExpoModulesCore
    - UMCore
  - EXHaptics (10.1.0):
    - UMCore
  - EXImageLoader (2.2.0):
    - ExpoModulesCore
    - React-Core
    - UMCore
  - EXKeepAwake (9.2.0):
    - UMCore
  - EXLocalAuthentication (11.1.1):
    - UMCore
  - ExpoModulesCore (0.2.0):
    - ExpoModulesCore/Core (= 0.2.0)
    - ExpoModulesCore/Interfaces (= 0.2.0)
    - UMCore
  - ExpoModulesCore/Core (0.2.0):
    - UMCore
  - ExpoModulesCore/Interfaces (0.2.0):
    - ExpoModulesCore/Core
    - UMCore
  - EXVideoThumbnails (5.2.1):
    - ExpoModulesCore
    - UMCore
  - EXWebBrowser (9.2.0):
    - UMCore
  - FBLazyVector (0.64.2)
  - FBReactNativeSpec (0.64.2):
    - RCT-Folly (= 2020.01.13.00)
    - RCTRequired (= 0.64.2)
    - RCTTypeSafety (= 0.64.2)
    - React-Core (= 0.64.2)
    - React-jsi (= 0.64.2)
    - ReactCommon/turbomodule/core (= 0.64.2)
  - Firebase/Analytics (6.27.1):
    - Firebase/Core
  - Firebase/Core (6.27.1):
    - Firebase/CoreOnly
    - FirebaseAnalytics (= 6.6.2)
  - Firebase/CoreOnly (6.27.1):
    - FirebaseCore (= 6.8.1)
  - Firebase/Crashlytics (6.27.1):
    - Firebase/CoreOnly
    - FirebaseCrashlytics (~> 4.2.0)
  - FirebaseAnalytics (6.6.2):
    - FirebaseCore (~> 6.8)
    - FirebaseInstallations (~> 1.4)
    - GoogleAppMeasurement (= 6.6.2)
    - GoogleUtilities/AppDelegateSwizzler (~> 6.0)
    - GoogleUtilities/MethodSwizzler (~> 6.0)
    - GoogleUtilities/Network (~> 6.0)
    - "GoogleUtilities/NSData+zlib (~> 6.0)"
    - nanopb (~> 1.30905.0)
  - FirebaseCore (6.8.1):
    - FirebaseCoreDiagnostics (~> 1.3)
    - GoogleUtilities/Environment (~> 6.5)
    - GoogleUtilities/Logger (~> 6.5)
  - FirebaseCoreDiagnostics (1.4.0):
    - GoogleDataTransportCCTSupport (~> 3.1)
    - GoogleUtilities/Environment (~> 6.5)
    - GoogleUtilities/Logger (~> 6.5)
    - nanopb (~> 1.30905.0)
  - FirebaseCrashlytics (4.2.0):
    - FirebaseCore (~> 6.8)
    - FirebaseInstallations (~> 1.1)
    - GoogleDataTransport (~> 6.1)
    - GoogleDataTransportCCTSupport (~> 3.1)
    - nanopb (~> 1.30905.0)
    - PromisesObjC (~> 1.2)
  - FirebaseInstallations (1.5.0):
    - FirebaseCore (~> 6.8)
    - GoogleUtilities/Environment (~> 6.7)
    - GoogleUtilities/UserDefaults (~> 6.7)
    - PromisesObjC (~> 1.2)
  - Flipper (0.75.1):
    - Flipper-Folly (~> 2.5)
    - Flipper-RSocket (~> 1.3)
  - Flipper-DoubleConversion (1.1.7)
  - Flipper-Folly (2.5.3):
    - boost-for-react-native
    - Flipper-DoubleConversion
    - Flipper-Glog
    - libevent (~> 2.1.12)
    - OpenSSL-Universal (= 1.1.180)
  - Flipper-Glog (0.3.6)
  - Flipper-PeerTalk (0.0.4)
  - Flipper-RSocket (1.3.1):
    - Flipper-Folly (~> 2.5)
  - FlipperKit (0.75.1):
    - FlipperKit/Core (= 0.75.1)
  - FlipperKit/Core (0.75.1):
    - Flipper (~> 0.75.1)
    - FlipperKit/CppBridge
    - FlipperKit/FBCxxFollyDynamicConvert
    - FlipperKit/FBDefines
    - FlipperKit/FKPortForwarding
  - FlipperKit/CppBridge (0.75.1):
    - Flipper (~> 0.75.1)
  - FlipperKit/FBCxxFollyDynamicConvert (0.75.1):
    - Flipper-Folly (~> 2.5)
  - FlipperKit/FBDefines (0.75.1)
  - FlipperKit/FKPortForwarding (0.75.1):
    - CocoaAsyncSocket (~> 7.6)
    - Flipper-PeerTalk (~> 0.0.4)
  - FlipperKit/FlipperKitHighlightOverlay (0.75.1)
  - FlipperKit/FlipperKitLayoutPlugin (0.75.1):
    - FlipperKit/Core
    - FlipperKit/FlipperKitHighlightOverlay
    - FlipperKit/FlipperKitLayoutTextSearchable
    - YogaKit (~> 1.18)
  - FlipperKit/FlipperKitLayoutTextSearchable (0.75.1)
  - FlipperKit/FlipperKitNetworkPlugin (0.75.1):
    - FlipperKit/Core
  - FlipperKit/FlipperKitReactPlugin (0.75.1):
    - FlipperKit/Core
  - FlipperKit/FlipperKitUserDefaultsPlugin (0.75.1):
    - FlipperKit/Core
  - FlipperKit/SKIOSNetworkPlugin (0.75.1):
    - FlipperKit/Core
    - FlipperKit/FlipperKitNetworkPlugin
  - glog (0.3.5)
  - GoogleAppMeasurement (6.6.2):
    - GoogleUtilities/AppDelegateSwizzler (~> 6.0)
    - GoogleUtilities/MethodSwizzler (~> 6.0)
    - GoogleUtilities/Network (~> 6.0)
    - "GoogleUtilities/NSData+zlib (~> 6.0)"
    - nanopb (~> 1.30905.0)
  - GoogleDataTransport (6.2.1)
  - GoogleDataTransportCCTSupport (3.2.0):
    - GoogleDataTransport (~> 6.1)
    - nanopb (~> 1.30905.0)
  - GoogleUtilities/AppDelegateSwizzler (6.7.1):
    - GoogleUtilities/Environment
    - GoogleUtilities/Logger
    - GoogleUtilities/Network
  - GoogleUtilities/Environment (6.7.1):
    - PromisesObjC (~> 1.2)
  - GoogleUtilities/Logger (6.7.1):
    - GoogleUtilities/Environment
  - GoogleUtilities/MethodSwizzler (6.7.1):
    - GoogleUtilities/Logger
  - GoogleUtilities/Network (6.7.1):
    - GoogleUtilities/Logger
    - "GoogleUtilities/NSData+zlib"
    - GoogleUtilities/Reachability
  - "GoogleUtilities/NSData+zlib (6.7.1)"
  - GoogleUtilities/Reachability (6.7.1):
    - GoogleUtilities/Logger
  - GoogleUtilities/UserDefaults (6.7.1):
    - GoogleUtilities/Logger
  - hermes-engine (0.7.2)
  - JitsiMeetSDK (3.6.0)
  - KeyCommands (2.0.3):
    - React
  - libevent (2.1.12)
  - libwebp (1.1.0):
    - libwebp/demux (= 1.1.0)
    - libwebp/mux (= 1.1.0)
    - libwebp/webp (= 1.1.0)
  - libwebp/demux (1.1.0):
    - libwebp/webp
  - libwebp/mux (1.1.0):
    - libwebp/demux
  - libwebp/webp (1.1.0)
  - MMKV (1.2.10):
    - MMKVCore (~> 1.2.10)
  - MMKVCore (1.2.12)
  - nanopb (1.30905.0):
    - nanopb/decode (= 1.30905.0)
    - nanopb/encode (= 1.30905.0)
  - nanopb/decode (1.30905.0)
  - nanopb/encode (1.30905.0)
  - OpenSSL-Universal (1.1.180)
  - PromisesObjC (1.2.9)
  - RCT-Folly (2020.01.13.00):
    - boost-for-react-native
    - DoubleConversion
    - glog
    - RCT-Folly/Default (= 2020.01.13.00)
  - RCT-Folly/Default (2020.01.13.00):
    - boost-for-react-native
    - DoubleConversion
    - glog
  - RCT-Folly/Futures (2020.01.13.00):
    - boost-for-react-native
    - DoubleConversion
    - glog
    - libevent
  - RCTRequired (0.64.2)
  - RCTTypeSafety (0.64.2):
    - FBLazyVector (= 0.64.2)
    - RCT-Folly (= 2020.01.13.00)
    - RCTRequired (= 0.64.2)
    - React-Core (= 0.64.2)
  - React (0.64.2):
    - React-Core (= 0.64.2)
    - React-Core/DevSupport (= 0.64.2)
    - React-Core/RCTWebSocket (= 0.64.2)
    - React-RCTActionSheet (= 0.64.2)
    - React-RCTAnimation (= 0.64.2)
    - React-RCTBlob (= 0.64.2)
    - React-RCTImage (= 0.64.2)
    - React-RCTLinking (= 0.64.2)
    - React-RCTNetwork (= 0.64.2)
    - React-RCTSettings (= 0.64.2)
    - React-RCTText (= 0.64.2)
    - React-RCTVibration (= 0.64.2)
  - React-callinvoker (0.64.2)
  - React-Core (0.64.2):
    - glog
    - RCT-Folly (= 2020.01.13.00)
    - React-Core/Default (= 0.64.2)
    - React-cxxreact (= 0.64.2)
    - React-jsi (= 0.64.2)
    - React-jsiexecutor (= 0.64.2)
    - React-perflogger (= 0.64.2)
    - Yoga
  - React-Core/CoreModulesHeaders (0.64.2):
    - glog
    - RCT-Folly (= 2020.01.13.00)
    - React-Core/Default
    - React-cxxreact (= 0.64.2)
    - React-jsi (= 0.64.2)
    - React-jsiexecutor (= 0.64.2)
    - React-perflogger (= 0.64.2)
    - Yoga
  - React-Core/Default (0.64.2):
    - glog
    - RCT-Folly (= 2020.01.13.00)
    - React-cxxreact (= 0.64.2)
    - React-jsi (= 0.64.2)
    - React-jsiexecutor (= 0.64.2)
    - React-perflogger (= 0.64.2)
    - Yoga
  - React-Core/DevSupport (0.64.2):
    - glog
    - RCT-Folly (= 2020.01.13.00)
    - React-Core/Default (= 0.64.2)
    - React-Core/RCTWebSocket (= 0.64.2)
    - React-cxxreact (= 0.64.2)
    - React-jsi (= 0.64.2)
    - React-jsiexecutor (= 0.64.2)
    - React-jsinspector (= 0.64.2)
    - React-perflogger (= 0.64.2)
    - Yoga
  - React-Core/Hermes (0.64.2):
    - glog
    - hermes-engine
    - RCT-Folly (= 2020.01.13.00)
    - RCT-Folly/Futures
    - React-cxxreact (= 0.64.2)
    - React-jsi (= 0.64.2)
    - React-jsiexecutor (= 0.64.2)
    - React-perflogger (= 0.64.2)
    - Yoga
  - React-Core/RCTActionSheetHeaders (0.64.2):
    - glog
    - RCT-Folly (= 2020.01.13.00)
    - React-Core/Default
    - React-cxxreact (= 0.64.2)
    - React-jsi (= 0.64.2)
    - React-jsiexecutor (= 0.64.2)
    - React-perflogger (= 0.64.2)
    - Yoga
  - React-Core/RCTAnimationHeaders (0.64.2):
    - glog
    - RCT-Folly (= 2020.01.13.00)
    - React-Core/Default
    - React-cxxreact (= 0.64.2)
    - React-jsi (= 0.64.2)
    - React-jsiexecutor (= 0.64.2)
    - React-perflogger (= 0.64.2)
    - Yoga
  - React-Core/RCTBlobHeaders (0.64.2):
    - glog
    - RCT-Folly (= 2020.01.13.00)
    - React-Core/Default
    - React-cxxreact (= 0.64.2)
    - React-jsi (= 0.64.2)
    - React-jsiexecutor (= 0.64.2)
    - React-perflogger (= 0.64.2)
    - Yoga
  - React-Core/RCTImageHeaders (0.64.2):
    - glog
    - RCT-Folly (= 2020.01.13.00)
    - React-Core/Default
    - React-cxxreact (= 0.64.2)
    - React-jsi (= 0.64.2)
    - React-jsiexecutor (= 0.64.2)
    - React-perflogger (= 0.64.2)
    - Yoga
  - React-Core/RCTLinkingHeaders (0.64.2):
    - glog
    - RCT-Folly (= 2020.01.13.00)
    - React-Core/Default
    - React-cxxreact (= 0.64.2)
    - React-jsi (= 0.64.2)
    - React-jsiexecutor (= 0.64.2)
    - React-perflogger (= 0.64.2)
    - Yoga
  - React-Core/RCTNetworkHeaders (0.64.2):
    - glog
    - RCT-Folly (= 2020.01.13.00)
    - React-Core/Default
    - React-cxxreact (= 0.64.2)
    - React-jsi (= 0.64.2)
    - React-jsiexecutor (= 0.64.2)
    - React-perflogger (= 0.64.2)
    - Yoga
  - React-Core/RCTSettingsHeaders (0.64.2):
    - glog
    - RCT-Folly (= 2020.01.13.00)
    - React-Core/Default
    - React-cxxreact (= 0.64.2)
    - React-jsi (= 0.64.2)
    - React-jsiexecutor (= 0.64.2)
    - React-perflogger (= 0.64.2)
    - Yoga
  - React-Core/RCTTextHeaders (0.64.2):
    - glog
    - RCT-Folly (= 2020.01.13.00)
    - React-Core/Default
    - React-cxxreact (= 0.64.2)
    - React-jsi (= 0.64.2)
    - React-jsiexecutor (= 0.64.2)
    - React-perflogger (= 0.64.2)
    - Yoga
  - React-Core/RCTVibrationHeaders (0.64.2):
    - glog
    - RCT-Folly (= 2020.01.13.00)
    - React-Core/Default
    - React-cxxreact (= 0.64.2)
    - React-jsi (= 0.64.2)
    - React-jsiexecutor (= 0.64.2)
    - React-perflogger (= 0.64.2)
    - Yoga
  - React-Core/RCTWebSocket (0.64.2):
    - glog
    - RCT-Folly (= 2020.01.13.00)
    - React-Core/Default (= 0.64.2)
    - React-cxxreact (= 0.64.2)
    - React-jsi (= 0.64.2)
    - React-jsiexecutor (= 0.64.2)
    - React-perflogger (= 0.64.2)
    - Yoga
  - React-CoreModules (0.64.2):
    - FBReactNativeSpec (= 0.64.2)
    - RCT-Folly (= 2020.01.13.00)
    - RCTTypeSafety (= 0.64.2)
    - React-Core/CoreModulesHeaders (= 0.64.2)
    - React-jsi (= 0.64.2)
    - React-RCTImage (= 0.64.2)
    - ReactCommon/turbomodule/core (= 0.64.2)
  - React-cxxreact (0.64.2):
    - boost-for-react-native (= 1.63.0)
    - DoubleConversion
    - glog
    - RCT-Folly (= 2020.01.13.00)
    - React-callinvoker (= 0.64.2)
    - React-jsi (= 0.64.2)
    - React-jsinspector (= 0.64.2)
    - React-perflogger (= 0.64.2)
    - React-runtimeexecutor (= 0.64.2)
  - React-jsi (0.64.2):
    - boost-for-react-native (= 1.63.0)
    - DoubleConversion
    - glog
    - RCT-Folly (= 2020.01.13.00)
    - React-jsi/Default (= 0.64.2)
  - React-jsi/Default (0.64.2):
    - boost-for-react-native (= 1.63.0)
    - DoubleConversion
    - glog
    - RCT-Folly (= 2020.01.13.00)
  - React-jsiexecutor (0.64.2):
    - DoubleConversion
    - glog
    - RCT-Folly (= 2020.01.13.00)
    - React-cxxreact (= 0.64.2)
    - React-jsi (= 0.64.2)
    - React-perflogger (= 0.64.2)
  - React-jsinspector (0.64.2)
  - react-native-appearance (0.3.4):
    - React
  - react-native-background-timer (2.4.1):
    - React-Core
  - react-native-blur (0.8.0):
    - React
  - react-native-cameraroll (4.0.4):
    - React-Core
  - react-native-cookies (6.0.8):
    - React-Core
  - react-native-document-picker (5.2.0):
    - React-Core
  - react-native-jitsi-meet (3.6.0):
    - JitsiMeetSDK (= 3.6.0)
    - React
  - react-native-mmkv-storage (0.6.12):
    - MMKV (= 1.2.10)
    - React-Core
  - react-native-netinfo (6.0.0):
    - React-Core
  - react-native-notifications (4.2.4):
    - React-Core
  - react-native-orientation-locker (1.1.8):
    - React
  - react-native-restart (0.0.22):
    - React-Core
  - react-native-safe-area-context (3.2.0):
    - React-Core
  - react-native-simple-crypto (0.5.0):
    - OpenSSL-Universal (= 1.1.180)
    - React
  - react-native-slider (3.0.3):
    - React
  - react-native-webview (10.3.2):
    - React
  - React-perflogger (0.64.2)
  - React-RCTActionSheet (0.64.2):
    - React-Core/RCTActionSheetHeaders (= 0.64.2)
  - React-RCTAnimation (0.64.2):
    - FBReactNativeSpec (= 0.64.2)
    - RCT-Folly (= 2020.01.13.00)
    - RCTTypeSafety (= 0.64.2)
    - React-Core/RCTAnimationHeaders (= 0.64.2)
    - React-jsi (= 0.64.2)
    - ReactCommon/turbomodule/core (= 0.64.2)
  - React-RCTBlob (0.64.2):
    - FBReactNativeSpec (= 0.64.2)
    - RCT-Folly (= 2020.01.13.00)
    - React-Core/RCTBlobHeaders (= 0.64.2)
    - React-Core/RCTWebSocket (= 0.64.2)
    - React-jsi (= 0.64.2)
    - React-RCTNetwork (= 0.64.2)
    - ReactCommon/turbomodule/core (= 0.64.2)
  - React-RCTImage (0.64.2):
    - FBReactNativeSpec (= 0.64.2)
    - RCT-Folly (= 2020.01.13.00)
    - RCTTypeSafety (= 0.64.2)
    - React-Core/RCTImageHeaders (= 0.64.2)
    - React-jsi (= 0.64.2)
    - React-RCTNetwork (= 0.64.2)
    - ReactCommon/turbomodule/core (= 0.64.2)
  - React-RCTLinking (0.64.2):
    - FBReactNativeSpec (= 0.64.2)
    - React-Core/RCTLinkingHeaders (= 0.64.2)
    - React-jsi (= 0.64.2)
    - ReactCommon/turbomodule/core (= 0.64.2)
  - React-RCTNetwork (0.64.2):
    - FBReactNativeSpec (= 0.64.2)
    - RCT-Folly (= 2020.01.13.00)
    - RCTTypeSafety (= 0.64.2)
    - React-Core/RCTNetworkHeaders (= 0.64.2)
    - React-jsi (= 0.64.2)
    - ReactCommon/turbomodule/core (= 0.64.2)
  - React-RCTSettings (0.64.2):
    - FBReactNativeSpec (= 0.64.2)
    - RCT-Folly (= 2020.01.13.00)
    - RCTTypeSafety (= 0.64.2)
    - React-Core/RCTSettingsHeaders (= 0.64.2)
    - React-jsi (= 0.64.2)
    - ReactCommon/turbomodule/core (= 0.64.2)
  - React-RCTText (0.64.2):
    - React-Core/RCTTextHeaders (= 0.64.2)
  - React-RCTVibration (0.64.2):
    - FBReactNativeSpec (= 0.64.2)
    - RCT-Folly (= 2020.01.13.00)
    - React-Core/RCTVibrationHeaders (= 0.64.2)
    - React-jsi (= 0.64.2)
    - ReactCommon/turbomodule/core (= 0.64.2)
  - React-runtimeexecutor (0.64.2):
    - React-jsi (= 0.64.2)
  - ReactCommon/turbomodule/core (0.64.2):
    - DoubleConversion
    - glog
    - RCT-Folly (= 2020.01.13.00)
    - React-callinvoker (= 0.64.2)
    - React-Core (= 0.64.2)
    - React-cxxreact (= 0.64.2)
    - React-jsi (= 0.64.2)
    - React-perflogger (= 0.64.2)
  - ReactNativeART (1.2.0):
    - React
  - ReactNativeUiLib (3.0.4):
    - React
  - rn-extensions-share (2.4.1):
    - React
  - rn-fetch-blob (0.12.0):
    - React-Core
  - RNBootSplash (3.2.4):
    - React-Core
  - RNCAsyncStorage (1.12.1):
    - React-Core
  - RNCClipboard (1.8.5):
    - React-Core
  - RNCMaskedView (0.1.11):
    - React
  - RNConfigReader (1.0.0):
    - React
  - RNCPicker (1.8.1):
    - React-Core
  - RNDateTimePicker (3.5.2):
    - React-Core
  - RNDeviceInfo (8.4.8):
    - React-Core
  - RNFastImage (8.2.0):
    - React
    - SDWebImage (~> 5.0)
    - SDWebImageWebPCoder (~> 0.4.1)
  - RNFBAnalytics (7.3.1):
    - Firebase/Analytics (~> 6.27.0)
    - React
    - RNFBApp
  - RNFBApp (8.2.0):
    - Firebase/CoreOnly (~> 6.27.0)
    - React
  - RNFBCrashlytics (8.1.2):
    - Firebase/Core (~> 6.27.0)
    - Firebase/Crashlytics (~> 6.27.0)
    - React
    - RNFBApp
  - RNFileViewer (2.1.4):
    - React-Core
  - RNGestureHandler (1.10.3):
    - React-Core
  - RNImageCropPicker (0.36.3):
    - React-Core
    - React-RCTImage
    - RNImageCropPicker/QBImagePickerController (= 0.36.3)
    - TOCropViewController
  - RNImageCropPicker/QBImagePickerController (0.36.3):
    - React-Core
    - React-RCTImage
    - TOCropViewController
  - RNLocalize (2.1.1):
    - React-Core
  - RNReanimated (2.2.2):
    - DoubleConversion
    - FBLazyVector
    - FBReactNativeSpec
    - glog
    - RCT-Folly
    - RCTRequired
    - RCTTypeSafety
    - React
    - React-callinvoker
    - React-Core
    - React-Core/DevSupport
    - React-Core/RCTWebSocket
    - React-CoreModules
    - React-cxxreact
    - React-jsi
    - React-jsiexecutor
    - React-jsinspector
    - React-RCTActionSheet
    - React-RCTAnimation
    - React-RCTBlob
    - React-RCTImage
    - React-RCTLinking
    - React-RCTNetwork
    - React-RCTSettings
    - React-RCTText
    - React-RCTVibration
    - ReactCommon/turbomodule/core
    - Yoga
  - RNRootView (1.0.3):
    - React
  - RNScreens (2.9.0):
    - React
  - RNVectorIcons (8.1.0):
    - React-Core
  - SDWebImage (5.8.4):
    - SDWebImage/Core (= 5.8.4)
  - SDWebImage/Core (5.8.4)
  - SDWebImageWebPCoder (0.4.1):
    - libwebp (~> 1.0)
    - SDWebImage/Core (~> 5.5)
  - simdjson (0.9.6-fix2)
  - TOCropViewController (2.5.3)
  - UMAppLoader (2.2.0)
  - UMCore (7.1.2)
  - UMReactNativeAdapter (6.3.9):
    - ExpoModulesCore
    - React-Core
    - UMCore
  - UMTaskManagerInterface (6.2.0):
    - UMCore
  - WatermelonDB (0.23.0):
    - React
    - React-jsi
  - Yoga (1.14.0)
  - YogaKit (1.18.1):
    - Yoga (~> 1.14)

DEPENDENCIES:
  - "BugsnagReactNative (from `../node_modules/@bugsnag/react-native`)"
  - DoubleConversion (from `../node_modules/react-native/third-party-podspecs/DoubleConversion.podspec`)
  - EXAppleAuthentication (from `../node_modules/expo-apple-authentication/ios`)
  - EXAV (from `../node_modules/expo-av/ios`)
  - EXConstants (from `../node_modules/expo-constants/ios`)
  - EXFileSystem (from `../node_modules/expo-file-system/ios`)
  - EXHaptics (from `../node_modules/expo-haptics/ios`)
  - EXImageLoader (from `../node_modules/expo-image-loader/ios`)
  - EXKeepAwake (from `../node_modules/expo-keep-awake/ios`)
  - EXLocalAuthentication (from `../node_modules/expo-local-authentication/ios`)
  - ExpoModulesCore (from `../node_modules/expo-modules-core/ios`)
  - EXVideoThumbnails (from `../node_modules/expo-video-thumbnails/ios`)
  - EXWebBrowser (from `../node_modules/expo-web-browser/ios`)
  - FBLazyVector (from `../node_modules/react-native/Libraries/FBLazyVector`)
  - FBReactNativeSpec (from `../node_modules/react-native/React/FBReactNativeSpec`)
  - Flipper (~> 0.75.1)
  - Flipper-DoubleConversion (= 1.1.7)
  - Flipper-Folly (~> 2.5.3)
  - Flipper-Glog (= 0.3.6)
  - Flipper-PeerTalk (~> 0.0.4)
  - Flipper-RSocket (~> 1.3)
  - FlipperKit (~> 0.75.1)
  - FlipperKit/Core (~> 0.75.1)
  - FlipperKit/CppBridge (~> 0.75.1)
  - FlipperKit/FBCxxFollyDynamicConvert (~> 0.75.1)
  - FlipperKit/FBDefines (~> 0.75.1)
  - FlipperKit/FKPortForwarding (~> 0.75.1)
  - FlipperKit/FlipperKitHighlightOverlay (~> 0.75.1)
  - FlipperKit/FlipperKitLayoutPlugin (~> 0.75.1)
  - FlipperKit/FlipperKitLayoutTextSearchable (~> 0.75.1)
  - FlipperKit/FlipperKitNetworkPlugin (~> 0.75.1)
  - FlipperKit/FlipperKitReactPlugin (~> 0.75.1)
  - FlipperKit/FlipperKitUserDefaultsPlugin (~> 0.75.1)
  - FlipperKit/SKIOSNetworkPlugin (~> 0.75.1)
  - glog (from `../node_modules/react-native/third-party-podspecs/glog.podspec`)
  - hermes-engine (~> 0.7.2)
  - JitsiMeetSDK (from `https://github.com/RocketChat/jitsi-meet-ios-sdk-releases.git`)
  - KeyCommands (from `../node_modules/react-native-keycommands`)
  - libevent (~> 2.1.12)
  - RCT-Folly (from `../node_modules/react-native/third-party-podspecs/RCT-Folly.podspec`)
  - RCTRequired (from `../node_modules/react-native/Libraries/RCTRequired`)
  - RCTTypeSafety (from `../node_modules/react-native/Libraries/TypeSafety`)
  - React (from `../node_modules/react-native/`)
  - React-callinvoker (from `../node_modules/react-native/ReactCommon/callinvoker`)
  - React-Core (from `../node_modules/react-native/`)
  - React-Core/DevSupport (from `../node_modules/react-native/`)
  - React-Core/Hermes (from `../node_modules/react-native/`)
  - React-Core/RCTWebSocket (from `../node_modules/react-native/`)
  - React-CoreModules (from `../node_modules/react-native/React/CoreModules`)
  - React-cxxreact (from `../node_modules/react-native/ReactCommon/cxxreact`)
  - React-jsi (from `../node_modules/react-native/ReactCommon/jsi`)
  - React-jsiexecutor (from `../node_modules/react-native/ReactCommon/jsiexecutor`)
  - React-jsinspector (from `../node_modules/react-native/ReactCommon/jsinspector`)
  - react-native-appearance (from `../node_modules/react-native-appearance`)
  - react-native-background-timer (from `../node_modules/react-native-background-timer`)
  - "react-native-blur (from `../node_modules/@react-native-community/blur`)"
  - "react-native-cameraroll (from `../node_modules/@react-native-community/cameraroll`)"
  - "react-native-cookies (from `../node_modules/@react-native-cookies/cookies`)"
  - react-native-document-picker (from `../node_modules/react-native-document-picker`)
  - react-native-jitsi-meet (from `../node_modules/react-native-jitsi-meet`)
  - react-native-mmkv-storage (from `../node_modules/react-native-mmkv-storage`)
  - "react-native-netinfo (from `../node_modules/@react-native-community/netinfo`)"
  - react-native-notifications (from `../node_modules/react-native-notifications`)
  - react-native-orientation-locker (from `../node_modules/react-native-orientation-locker`)
  - react-native-restart (from `../node_modules/react-native-restart`)
  - react-native-safe-area-context (from `../node_modules/react-native-safe-area-context`)
  - react-native-simple-crypto (from `../node_modules/react-native-simple-crypto`)
  - "react-native-slider (from `../node_modules/@react-native-community/slider`)"
  - react-native-webview (from `../node_modules/react-native-webview`)
  - React-perflogger (from `../node_modules/react-native/ReactCommon/reactperflogger`)
  - React-RCTActionSheet (from `../node_modules/react-native/Libraries/ActionSheetIOS`)
  - React-RCTAnimation (from `../node_modules/react-native/Libraries/NativeAnimation`)
  - React-RCTBlob (from `../node_modules/react-native/Libraries/Blob`)
  - React-RCTImage (from `../node_modules/react-native/Libraries/Image`)
  - React-RCTLinking (from `../node_modules/react-native/Libraries/LinkingIOS`)
  - React-RCTNetwork (from `../node_modules/react-native/Libraries/Network`)
  - React-RCTSettings (from `../node_modules/react-native/Libraries/Settings`)
  - React-RCTText (from `../node_modules/react-native/Libraries/Text`)
  - React-RCTVibration (from `../node_modules/react-native/Libraries/Vibration`)
  - React-runtimeexecutor (from `../node_modules/react-native/ReactCommon/runtimeexecutor`)
  - ReactCommon/turbomodule/core (from `../node_modules/react-native/ReactCommon`)
  - "ReactNativeART (from `../node_modules/@react-native-community/art`)"
  - ReactNativeUiLib (from `../node_modules/react-native-ui-lib/lib`)
  - rn-extensions-share (from `../node_modules/rn-extensions-share`)
  - rn-fetch-blob (from `../node_modules/rn-fetch-blob`)
  - RNBootSplash (from `../node_modules/react-native-bootsplash`)
  - "RNCAsyncStorage (from `../node_modules/@react-native-community/async-storage`)"
  - "RNCClipboard (from `../node_modules/@react-native-clipboard/clipboard`)"
  - "RNCMaskedView (from `../node_modules/@react-native-community/masked-view`)"
  - RNConfigReader (from `../node_modules/react-native-config-reader`)
  - "RNCPicker (from `../node_modules/@react-native-community/picker`)"
  - "RNDateTimePicker (from `../node_modules/@react-native-community/datetimepicker`)"
  - RNDeviceInfo (from `../node_modules/react-native-device-info`)
  - "RNFastImage (from `../node_modules/@rocket.chat/react-native-fast-image`)"
  - "RNFBAnalytics (from `../node_modules/@react-native-firebase/analytics`)"
  - "RNFBApp (from `../node_modules/@react-native-firebase/app`)"
  - "RNFBCrashlytics (from `../node_modules/@react-native-firebase/crashlytics`)"
  - RNFileViewer (from `../node_modules/react-native-file-viewer`)
  - RNGestureHandler (from `../node_modules/react-native-gesture-handler`)
  - RNImageCropPicker (from `../node_modules/react-native-image-crop-picker`)
  - RNLocalize (from `../node_modules/react-native-localize`)
  - RNReanimated (from `../node_modules/react-native-reanimated`)
  - RNRootView (from `../node_modules/rn-root-view`)
  - RNScreens (from `../node_modules/react-native-screens`)
  - RNVectorIcons (from `../node_modules/react-native-vector-icons`)
  - "simdjson (from `../node_modules/@nozbe/simdjson`)"
  - UMAppLoader (from `../node_modules/unimodules-app-loader/ios`)
  - "UMCore (from `../node_modules/@unimodules/core/ios`)"
  - "UMReactNativeAdapter (from `../node_modules/@unimodules/react-native-adapter/ios`)"
  - UMTaskManagerInterface (from `../node_modules/unimodules-task-manager-interface/ios`)
  - "WatermelonDB (from `../node_modules/@nozbe/watermelondb`)"
  - Yoga (from `../node_modules/react-native/ReactCommon/yoga`)

SPEC REPOS:
  trunk:
    - boost-for-react-native
    - CocoaAsyncSocket
    - Firebase
    - FirebaseAnalytics
    - FirebaseCore
    - FirebaseCoreDiagnostics
    - FirebaseCrashlytics
    - FirebaseInstallations
    - Flipper
    - Flipper-DoubleConversion
    - Flipper-Folly
    - Flipper-Glog
    - Flipper-PeerTalk
    - Flipper-RSocket
    - FlipperKit
    - GoogleAppMeasurement
    - GoogleDataTransport
    - GoogleDataTransportCCTSupport
    - GoogleUtilities
    - hermes-engine
    - libevent
    - libwebp
    - MMKV
    - MMKVCore
    - nanopb
    - OpenSSL-Universal
    - PromisesObjC
    - SDWebImage
    - SDWebImageWebPCoder
    - TOCropViewController
    - YogaKit

EXTERNAL SOURCES:
  BugsnagReactNative:
    :path: "../node_modules/@bugsnag/react-native"
  DoubleConversion:
    :podspec: "../node_modules/react-native/third-party-podspecs/DoubleConversion.podspec"
  EXAppleAuthentication:
    :path: "../node_modules/expo-apple-authentication/ios"
  EXAV:
    :path: "../node_modules/expo-av/ios"
  EXConstants:
    :path: "../node_modules/expo-constants/ios"
  EXFileSystem:
    :path: "../node_modules/expo-file-system/ios"
  EXHaptics:
    :path: "../node_modules/expo-haptics/ios"
  EXImageLoader:
    :path: "../node_modules/expo-image-loader/ios"
  EXKeepAwake:
    :path: "../node_modules/expo-keep-awake/ios"
  EXLocalAuthentication:
    :path: "../node_modules/expo-local-authentication/ios"
  ExpoModulesCore:
    :path: "../node_modules/expo-modules-core/ios"
  EXVideoThumbnails:
    :path: "../node_modules/expo-video-thumbnails/ios"
  EXWebBrowser:
    :path: "../node_modules/expo-web-browser/ios"
  FBLazyVector:
    :path: "../node_modules/react-native/Libraries/FBLazyVector"
  FBReactNativeSpec:
    :path: "../node_modules/react-native/React/FBReactNativeSpec"
  glog:
    :podspec: "../node_modules/react-native/third-party-podspecs/glog.podspec"
  JitsiMeetSDK:
    :git: https://github.com/RocketChat/jitsi-meet-ios-sdk-releases.git
  KeyCommands:
    :path: "../node_modules/react-native-keycommands"
  RCT-Folly:
    :podspec: "../node_modules/react-native/third-party-podspecs/RCT-Folly.podspec"
  RCTRequired:
    :path: "../node_modules/react-native/Libraries/RCTRequired"
  RCTTypeSafety:
    :path: "../node_modules/react-native/Libraries/TypeSafety"
  React:
    :path: "../node_modules/react-native/"
  React-callinvoker:
    :path: "../node_modules/react-native/ReactCommon/callinvoker"
  React-Core:
    :path: "../node_modules/react-native/"
  React-CoreModules:
    :path: "../node_modules/react-native/React/CoreModules"
  React-cxxreact:
    :path: "../node_modules/react-native/ReactCommon/cxxreact"
  React-jsi:
    :path: "../node_modules/react-native/ReactCommon/jsi"
  React-jsiexecutor:
    :path: "../node_modules/react-native/ReactCommon/jsiexecutor"
  React-jsinspector:
    :path: "../node_modules/react-native/ReactCommon/jsinspector"
  react-native-appearance:
    :path: "../node_modules/react-native-appearance"
  react-native-background-timer:
    :path: "../node_modules/react-native-background-timer"
  react-native-blur:
    :path: "../node_modules/@react-native-community/blur"
  react-native-cameraroll:
    :path: "../node_modules/@react-native-community/cameraroll"
  react-native-cookies:
    :path: "../node_modules/@react-native-cookies/cookies"
  react-native-document-picker:
    :path: "../node_modules/react-native-document-picker"
  react-native-jitsi-meet:
    :path: "../node_modules/react-native-jitsi-meet"
  react-native-mmkv-storage:
    :path: "../node_modules/react-native-mmkv-storage"
  react-native-netinfo:
    :path: "../node_modules/@react-native-community/netinfo"
  react-native-notifications:
    :path: "../node_modules/react-native-notifications"
  react-native-orientation-locker:
    :path: "../node_modules/react-native-orientation-locker"
  react-native-restart:
    :path: "../node_modules/react-native-restart"
  react-native-safe-area-context:
    :path: "../node_modules/react-native-safe-area-context"
  react-native-simple-crypto:
    :path: "../node_modules/react-native-simple-crypto"
  react-native-slider:
    :path: "../node_modules/@react-native-community/slider"
  react-native-webview:
    :path: "../node_modules/react-native-webview"
  React-perflogger:
    :path: "../node_modules/react-native/ReactCommon/reactperflogger"
  React-RCTActionSheet:
    :path: "../node_modules/react-native/Libraries/ActionSheetIOS"
  React-RCTAnimation:
    :path: "../node_modules/react-native/Libraries/NativeAnimation"
  React-RCTBlob:
    :path: "../node_modules/react-native/Libraries/Blob"
  React-RCTImage:
    :path: "../node_modules/react-native/Libraries/Image"
  React-RCTLinking:
    :path: "../node_modules/react-native/Libraries/LinkingIOS"
  React-RCTNetwork:
    :path: "../node_modules/react-native/Libraries/Network"
  React-RCTSettings:
    :path: "../node_modules/react-native/Libraries/Settings"
  React-RCTText:
    :path: "../node_modules/react-native/Libraries/Text"
  React-RCTVibration:
    :path: "../node_modules/react-native/Libraries/Vibration"
  React-runtimeexecutor:
    :path: "../node_modules/react-native/ReactCommon/runtimeexecutor"
  ReactCommon:
    :path: "../node_modules/react-native/ReactCommon"
  ReactNativeART:
    :path: "../node_modules/@react-native-community/art"
  ReactNativeUiLib:
    :path: "../node_modules/react-native-ui-lib/lib"
  rn-extensions-share:
    :path: "../node_modules/rn-extensions-share"
  rn-fetch-blob:
    :path: "../node_modules/rn-fetch-blob"
  RNBootSplash:
    :path: "../node_modules/react-native-bootsplash"
  RNCAsyncStorage:
    :path: "../node_modules/@react-native-community/async-storage"
  RNCClipboard:
    :path: "../node_modules/@react-native-clipboard/clipboard"
  RNCMaskedView:
    :path: "../node_modules/@react-native-community/masked-view"
  RNConfigReader:
    :path: "../node_modules/react-native-config-reader"
  RNCPicker:
    :path: "../node_modules/@react-native-community/picker"
  RNDateTimePicker:
    :path: "../node_modules/@react-native-community/datetimepicker"
  RNDeviceInfo:
    :path: "../node_modules/react-native-device-info"
  RNFastImage:
    :path: "../node_modules/@rocket.chat/react-native-fast-image"
  RNFBAnalytics:
    :path: "../node_modules/@react-native-firebase/analytics"
  RNFBApp:
    :path: "../node_modules/@react-native-firebase/app"
  RNFBCrashlytics:
    :path: "../node_modules/@react-native-firebase/crashlytics"
  RNFileViewer:
    :path: "../node_modules/react-native-file-viewer"
  RNGestureHandler:
    :path: "../node_modules/react-native-gesture-handler"
  RNImageCropPicker:
    :path: "../node_modules/react-native-image-crop-picker"
  RNLocalize:
    :path: "../node_modules/react-native-localize"
  RNReanimated:
    :path: "../node_modules/react-native-reanimated"
  RNRootView:
    :path: "../node_modules/rn-root-view"
  RNScreens:
    :path: "../node_modules/react-native-screens"
  RNVectorIcons:
    :path: "../node_modules/react-native-vector-icons"
  simdjson:
    :path: "../node_modules/@nozbe/simdjson"
  UMAppLoader:
    :path: "../node_modules/unimodules-app-loader/ios"
  UMCore:
    :path: "../node_modules/@unimodules/core/ios"
  UMReactNativeAdapter:
    :path: "../node_modules/@unimodules/react-native-adapter/ios"
  UMTaskManagerInterface:
    :path: "../node_modules/unimodules-task-manager-interface/ios"
  WatermelonDB:
    :path: "../node_modules/@nozbe/watermelondb"
  Yoga:
    :path: "../node_modules/react-native/ReactCommon/yoga"

CHECKOUT OPTIONS:
  JitsiMeetSDK:
    :commit: 23797290da02324c09998a63781cd1fe0047211d
    :git: https://github.com/RocketChat/jitsi-meet-ios-sdk-releases.git

SPEC CHECKSUMS:
  boost-for-react-native: 39c7adb57c4e60d6c5479dd8623128eb5b3f0f2c
  BugsnagReactNative: a97b3132c1854fd7bf92350fabd505e3ebdd7829
  CocoaAsyncSocket: 065fd1e645c7abab64f7a6a2007a48038fdc6a99
  DoubleConversion: cf9b38bf0b2d048436d9a82ad2abe1404f11e7de
  EXAppleAuthentication: e8c537fcbe80670dd76fde7a07acb94af70ada00
  EXAV: 67bcc1d0afeb1fab854b206c84b9f2afbd61d0cd
  EXConstants: 4cb52b6d8f636c767104a44bf7db3873e9c01a6f
  EXFileSystem: 0a04aba8da751b9ac954065911bcf166503f8267
  EXHaptics: 6dc4307ab0794fe7a87ec8d7d1c299cf103d6cb3
  EXImageLoader: d3531a3fe530b22925c19977cb53bb43e3821fe6
  EXKeepAwake: f4105ef469be7b283f66ce2d7234bb71ac80cd26
  EXLocalAuthentication: 88a1a69ea66c4934387d1eb503628170c853caef
  ExpoModulesCore: 2734852616127a6c1fc23012197890a6f3763dc7
  EXVideoThumbnails: 442c3abadb51a81551a3b53705b7560de390e6f7
  EXWebBrowser: 76783ba5dcb8699237746ecf41a9643d428a4cc5
  FBLazyVector: e686045572151edef46010a6f819ade377dfeb4b
  FBReactNativeSpec: 686ac17e193dcf7d5df4d772b224504dd2f3ad81
  Firebase: 919186c8e119dd9372a45fd1dd17a8a942bc1892
  FirebaseAnalytics: 5fa308e1b13f838d0f6dc74719ac2a72e8c5afc4
  FirebaseCore: 8cd4f8ea22075e0ee582849b1cf79d8816506085
  FirebaseCoreDiagnostics: 4505e4d4009b1d93f605088ee7d7764d5f0d1c84
  FirebaseCrashlytics: 7d0fa02ea8842cc4b2ab07b0735edafde1ad77d6
  FirebaseInstallations: 3c520c951305cbf9ca54eb891ff9e6d1fd384881
  Flipper: d3da1aa199aad94455ae725e9f3aa43f3ec17021
  Flipper-DoubleConversion: 38631e41ef4f9b12861c67d17cb5518d06badc41
  Flipper-Folly: 755929a4f851b2fb2c347d533a23f191b008554c
  Flipper-Glog: 1dfd6abf1e922806c52ceb8701a3599a79a200a6
  Flipper-PeerTalk: 116d8f857dc6ef55c7a5a75ea3ceaafe878aadc9
  Flipper-RSocket: 127954abe8b162fcaf68d2134d34dc2bd7076154
  FlipperKit: 8a20b5c5fcf9436cac58551dc049867247f64b00
  glog: 73c2498ac6884b13ede40eda8228cb1eee9d9d62
  GoogleAppMeasurement: 8cd1f289d60e629cf16ab03363b9e89c776b9651
  GoogleDataTransport: 9a8a16f79feffc7f42096743de2a7c4815e84020
  GoogleDataTransportCCTSupport: 489c1265d2c85b68187a83a911913d190012158d
  GoogleUtilities: e121a3867449ce16b0e35ddf1797ea7a389ffdf2
  hermes-engine: 7d97ba46a1e29bacf3e3c61ecb2804a5ddd02d4f
  JitsiMeetSDK: 476329f72a866f714d2802bafe1729de6d644ccf
  KeyCommands: f66c535f698ed14b3d3a4e58859d79a827ea907e
  libevent: 4049cae6c81cdb3654a443be001fb9bdceff7913
  libwebp: 946cb3063cea9236285f7e9a8505d806d30e07f3
  MMKV: 76033b9ace2006623308910a3afcc0e25eba3140
  MMKVCore: df0565f6b58463604731a68ba6cd89bc0b2d1d55
  nanopb: c43f40fadfe79e8b8db116583945847910cbabc9
  OpenSSL-Universal: 1aa4f6a6ee7256b83db99ec1ccdaa80d10f9af9b
  PromisesObjC: b48e0338dbbac2207e611750777895f7a5811b75
  RCT-Folly: ec7a233ccc97cc556cf7237f0db1ff65b986f27c
  RCTRequired: 6d3e854f0e7260a648badd0d44fc364bc9da9728
  RCTTypeSafety: c1f31d19349c6b53085766359caac425926fafaa
  React: bda6b6d7ae912de97d7a61aa5c160db24aa2ad69
  React-callinvoker: 9840ea7e8e88ed73d438edb725574820b29b5baa
  React-Core: b5e385da7ce5f16a220fc60fd0749eae2c6120f0
  React-CoreModules: 17071a4e2c5239b01585f4aa8070141168ab298f
  React-cxxreact: 9be7b6340ed9f7c53e53deca7779f07cd66525ba
  React-jsi: 67747b9722f6dab2ffe15b011bcf6b3f2c3f1427
  React-jsiexecutor: 80c46bd381fd06e418e0d4f53672dc1d1945c4c3
  React-jsinspector: cc614ec18a9ca96fd275100c16d74d62ee11f0ae
  react-native-appearance: 0f0e5fc2fcef70e03d48c8fe6b00b9158c2ba8aa
  react-native-background-timer: 17ea5e06803401a379ebf1f20505b793ac44d0fe
  react-native-blur: cad4d93b364f91e7b7931b3fa935455487e5c33c
  react-native-cameraroll: 88f4e62d9ecd0e1f253abe4f685474f2ea14bfa2
  react-native-cookies: 2cb6ef472da68610dfcf0eaee68464c244943abd
  react-native-document-picker: f1b5398801b332c77bc62ae0eae2116f49bdff26
  react-native-jitsi-meet: 3e3ac5d0445091154119f94342efd55c8b1124ce
  react-native-mmkv-storage: 88bcb10bbe85a8122061d17d03abcc64a02fe1c9
  react-native-netinfo: e849fc21ca2f4128a5726c801a82fc6f4a6db50d
  react-native-notifications: 3de8ef9cd800e5db0225d9aa46b228d2b94ce51e
  react-native-orientation-locker: f0ca1a8e5031dab6b74bfb4ab33a17ed2c2fcb0d
  react-native-restart: 733a51ad137f15b0f8dc34c4082e55af7da00979
  react-native-safe-area-context: f0906bf8bc9835ac9a9d3f97e8bde2a997d8da79
  react-native-simple-crypto: 9b358cdfd34169031d384a8d4ac2ffc40b323876
  react-native-slider: e99fc201cefe81270fc9d81714a7a0f5e566b168
  react-native-webview: 679b6f400176e2ea8a785acf7ae16cf282e7d1eb
  React-perflogger: 25373e382fed75ce768a443822f07098a15ab737
  React-RCTActionSheet: af7796ba49ffe4ca92e7277a5d992d37203f7da5
  React-RCTAnimation: 6a2e76ab50c6f25b428d81b76a5a45351c4d77aa
  React-RCTBlob: 02a2887023e0eed99391b6445b2e23a2a6f9226d
  React-RCTImage: ce5bf8e7438f2286d9b646a05d6ab11f38b0323d
  React-RCTLinking: ccd20742de14e020cb5f99d5c7e0bf0383aefbd9
  React-RCTNetwork: dfb9d089ab0753e5e5f55fc4b1210858f7245647
  React-RCTSettings: b14aef2d83699e48b410fb7c3ba5b66cd3291ae2
  React-RCTText: 41a2e952dd9adc5caf6fb68ed46b275194d5da5f
  React-RCTVibration: 24600e3b1aaa77126989bc58b6747509a1ba14f3
  React-runtimeexecutor: a9904c6d0218fb9f8b19d6dd88607225927668f9
  ReactCommon: 149906e01aa51142707a10665185db879898e966
  ReactNativeART: 78edc68dd4a1e675338cd0cd113319cf3a65f2ab
  ReactNativeUiLib: cde7263a7d308b60161cd286f95c9433e79f2f7d
  rn-extensions-share: 5fd84a80e6594706f0dfa1884f2d6d591b382cf5
  rn-fetch-blob: f065bb7ab7fb48dd002629f8bdcb0336602d3cba
  RNBootSplash: 4844706cbb56a3270556c9b94e59dedadccd47e4
  RNCAsyncStorage: b03032fdbdb725bea0bd9e5ec5a7272865ae7398
  RNCClipboard: cc054ad1e8a33d2a74cd13e565588b4ca928d8fd
  RNCMaskedView: 0e1bc4bfa8365eba5fbbb71e07fbdc0555249489
  RNConfigReader: 396da6a6444182a76e8ae0930b9436c7575045cb
  RNCPicker: 914b557e20b3b8317b084aca9ff4b4edb95f61e4
  RNDateTimePicker: 7658208086d86d09e1627b5c34ba0cf237c60140
  RNDeviceInfo: 0400a6d0c94186d1120c3cbd97b23abc022187a9
  RNFastImage: f40d202ea2367239f71bc7cf11315f4bebab85b4
  RNFBAnalytics: dae6d7b280ba61c96e1bbdd34aca3154388f025e
  RNFBApp: 6fd8a7e757135d4168bf033a8812c241af7363a0
  RNFBCrashlytics: 88de72c2476b5868a892d9523b89b86c527c540e
  RNFileViewer: 83cc066ad795b1f986791d03b56fe0ee14b6a69f
  RNGestureHandler: a479ebd5ed4221a810967000735517df0d2db211
  RNImageCropPicker: 97289cd94fb01ab79db4e5c92938be4d0d63415d
  RNLocalize: 82a569022724d35461e2dc5b5d015a13c3ca995b
  RNReanimated: 241c586663f44f19a53883c63375fdd041253960
  RNRootView: 895a4813dedeaca82db2fa868ca1c333d790e494
  RNScreens: c526239bbe0e957b988dacc8d75ac94ec9cb19da
  RNVectorIcons: 31cebfcf94e8cf8686eb5303ae0357da64d7a5a4
  SDWebImage: cf6922231e95550934da2ada0f20f2becf2ceba9
  SDWebImageWebPCoder: 36f8f47bd9879a8aea6044765c1351120fd8e3a8
  simdjson: 85016870cd17207312b718ef6652eb6a1cd6a2b0
  TOCropViewController: 20a14b6a7a098308bf369e7c8d700dc983a974e6
  UMAppLoader: 21af63390e55c82e037fb9752d93114a80ecf16e
  UMCore: ce3a4faa010239063b8343895b29a6d97b01069d
  UMReactNativeAdapter: d03cefd0e4e4179ab8c490408589f1c8a6c8b785
  UMTaskManagerInterface: 2be431101b73604e64fbfffcf759336f9d8fccbb
  WatermelonDB: 577c61fceff16e9f9103b59d14aee4850c0307b6
  Yoga: 575c581c63e0d35c9a83f4b46d01d63abc1100ac
  YogaKit: f782866e155069a2cca2517aafea43200b01fd5a

PODFILE CHECKSUM: 9a08139598e951c19d2daf7ac39687272634d547

COCOAPODS: 1.11.2
